// !$*UTF8*$!
{
	archiveVersion = 1;
	classes = {
	};
	objectVersion = 46;
	objects = {

/* Begin PBXBuildFile section */
		AE0E4E311BBA7D190065E9EA /* leftmenu.m in Sources */ = {isa = PBXBuildFile; fileRef = AE0E4E301BBA7D190065E9EA /* leftmenu.m */; settings = {ASSET_TAGS = (); }; };
		AE0E4E341BBA7D920065E9EA /* tbl.m in Sources */ = {isa = PBXBuildFile; fileRef = AE0E4E331BBA7D920065E9EA /* tbl.m */; settings = {ASSET_TAGS = (); }; };
		AE1F36261BB92C9400B0EE2F /* NSMutableURLRequest+Parameters.m in Sources */ = {isa = PBXBuildFile; fileRef = AE1F35FC1BB92C9400B0EE2F /* NSMutableURLRequest+Parameters.m */; settings = {ASSET_TAGS = (); }; };
		AE1F36271BB92C9400B0EE2F /* NSString+URLEncoding.m in Sources */ = {isa = PBXBuildFile; fileRef = AE1F35FE1BB92C9400B0EE2F /* NSString+URLEncoding.m */; settings = {ASSET_TAGS = (); }; };
		AE1F36281BB92C9400B0EE2F /* NSURL+Base.m in Sources */ = {isa = PBXBuildFile; fileRef = AE1F36001BB92C9400B0EE2F /* NSURL+Base.m */; settings = {ASSET_TAGS = (); }; };
		AE1F36291BB92C9400B0EE2F /* Base64Transcoder.c in Sources */ = {isa = PBXBuildFile; fileRef = AE1F36021BB92C9400B0EE2F /* Base64Transcoder.c */; settings = {ASSET_TAGS = (); }; };
		AE1F362A1BB92C9400B0EE2F /* hmac.c in Sources */ = {isa = PBXBuildFile; fileRef = AE1F36041BB92C9400B0EE2F /* hmac.c */; settings = {ASSET_TAGS = (); }; };
		AE1F362B1BB92C9400B0EE2F /* sha1.c in Sources */ = {isa = PBXBuildFile; fileRef = AE1F36061BB92C9400B0EE2F /* sha1.c */; settings = {ASSET_TAGS = (); }; };
		AE1F362C1BB92C9400B0EE2F /* OAAttachment.m in Sources */ = {isa = PBXBuildFile; fileRef = AE1F36091BB92C9400B0EE2F /* OAAttachment.m */; settings = {ASSET_TAGS = (); }; };
		AE1F362D1BB92C9400B0EE2F /* OACall.m in Sources */ = {isa = PBXBuildFile; fileRef = AE1F360B1BB92C9400B0EE2F /* OACall.m */; settings = {ASSET_TAGS = (); }; };
		AE1F362E1BB92C9400B0EE2F /* OAConsumer.m in Sources */ = {isa = PBXBuildFile; fileRef = AE1F360D1BB92C9400B0EE2F /* OAConsumer.m */; settings = {ASSET_TAGS = (); }; };
		AE1F362F1BB92C9400B0EE2F /* OADataFetcher.m in Sources */ = {isa = PBXBuildFile; fileRef = AE1F360F1BB92C9400B0EE2F /* OADataFetcher.m */; settings = {ASSET_TAGS = (); }; };
		AE1F36301BB92C9400B0EE2F /* OAHMAC_SHA1SignatureProvider.m in Sources */ = {isa = PBXBuildFile; fileRef = AE1F36111BB92C9400B0EE2F /* OAHMAC_SHA1SignatureProvider.m */; settings = {ASSET_TAGS = (); }; };
		AE1F36311BB92C9400B0EE2F /* OAMutableURLRequest.m in Sources */ = {isa = PBXBuildFile; fileRef = AE1F36131BB92C9400B0EE2F /* OAMutableURLRequest.m */; settings = {ASSET_TAGS = (); }; };
		AE1F36321BB92C9400B0EE2F /* OAPlaintextSignatureProvider.m in Sources */ = {isa = PBXBuildFile; fileRef = AE1F36151BB92C9400B0EE2F /* OAPlaintextSignatureProvider.m */; settings = {ASSET_TAGS = (); }; };
		AE1F36331BB92C9400B0EE2F /* OAProblem.m in Sources */ = {isa = PBXBuildFile; fileRef = AE1F36171BB92C9400B0EE2F /* OAProblem.m */; settings = {ASSET_TAGS = (); }; };
		AE1F36341BB92C9400B0EE2F /* OARequestParameter.m in Sources */ = {isa = PBXBuildFile; fileRef = AE1F36191BB92C9400B0EE2F /* OARequestParameter.m */; settings = {ASSET_TAGS = (); }; };
		AE1F36351BB92C9400B0EE2F /* OAServiceTicket.m in Sources */ = {isa = PBXBuildFile; fileRef = AE1F361B1BB92C9400B0EE2F /* OAServiceTicket.m */; settings = {ASSET_TAGS = (); }; };
		AE1F36361BB92C9400B0EE2F /* OATestServer.rb in Resources */ = {isa = PBXBuildFile; fileRef = AE1F361D1BB92C9400B0EE2F /* OATestServer.rb */; settings = {ASSET_TAGS = (); }; };
		AE1F36371BB92C9400B0EE2F /* OAToken.m in Sources */ = {isa = PBXBuildFile; fileRef = AE1F361F1BB92C9400B0EE2F /* OAToken.m */; settings = {ASSET_TAGS = (); }; };
		AE1F36381BB92C9400B0EE2F /* OATokenManager.m in Sources */ = {isa = PBXBuildFile; fileRef = AE1F36211BB92C9400B0EE2F /* OATokenManager.m */; settings = {ASSET_TAGS = (); }; };
		AE1F36391BB92C9400B0EE2F /* README in Resources */ = {isa = PBXBuildFile; fileRef = AE1F36231BB92C9400B0EE2F /* README */; settings = {ASSET_TAGS = (); }; };
		AE1F363A1BB92C9400B0EE2F /* TwitterOAuthViewController.m in Sources */ = {isa = PBXBuildFile; fileRef = AE1F36251BB92C9400B0EE2F /* TwitterOAuthViewController.m */; settings = {ASSET_TAGS = (); }; };
		AE1F36421BB9338A00B0EE2F /* FBSDKCoreKit.framework in Frameworks */ = {isa = PBXBuildFile; fileRef = AE1F36411BB9338A00B0EE2F /* FBSDKCoreKit.framework */; settings = {ASSET_TAGS = (); }; };
		AE1F36441BB936A800B0EE2F /* FBSDKLoginKit.framework in Frameworks */ = {isa = PBXBuildFile; fileRef = AE1F36431BB936A800B0EE2F /* FBSDKLoginKit.framework */; settings = {ASSET_TAGS = (); }; };
		AE1F36631BB966CF00B0EE2F /* sharedobject.m in Sources */ = {isa = PBXBuildFile; fileRef = AE1F36621BB966CF00B0EE2F /* sharedobject.m */; settings = {ASSET_TAGS = (); }; };
		AE3B8E3D1BC52C5900C2B467 /* CoreLocation.framework in Frameworks */ = {isa = PBXBuildFile; fileRef = AE3B8E3C1BC52C5900C2B467 /* CoreLocation.framework */; };
		AE3B8E3F1BC52C6000C2B467 /* MapKit.framework in Frameworks */ = {isa = PBXBuildFile; fileRef = AE3B8E3E1BC52C6000C2B467 /* MapKit.framework */; };
		AE3B8E431BC52F0900C2B467 /* MapPoint.m in Sources */ = {isa = PBXBuildFile; fileRef = AE3B8E421BC52F0900C2B467 /* MapPoint.m */; settings = {ASSET_TAGS = (); }; };
		AE3B8E471BC5415E00C2B467 /* blog.m in Sources */ = {isa = PBXBuildFile; fileRef = AE3B8E461BC5415E00C2B467 /* blog.m */; settings = {ASSET_TAGS = (); }; };
		AE3B8E4B1BC546D700C2B467 /* nearmosque.m in Sources */ = {isa = PBXBuildFile; fileRef = AE3B8E4A1BC546D700C2B467 /* nearmosque.m */; settings = {ASSET_TAGS = (); }; };
		AE8127A91BB53BCD008355BA /* main.m in Sources */ = {isa = PBXBuildFile; fileRef = AE8127A81BB53BCD008355BA /* main.m */; };
		AE8127AC1BB53BCD008355BA /* AppDelegate.m in Sources */ = {isa = PBXBuildFile; fileRef = AE8127AB1BB53BCD008355BA /* AppDelegate.m */; };
		AE8127AF1BB53BCD008355BA /* ViewController.m in Sources */ = {isa = PBXBuildFile; fileRef = AE8127AE1BB53BCD008355BA /* ViewController.m */; };
		AE8127B21BB53BCD008355BA /* Main.storyboard in Resources */ = {isa = PBXBuildFile; fileRef = AE8127B01BB53BCD008355BA /* Main.storyboard */; };
		AE8127B41BB53BCD008355BA /* Assets.xcassets in Resources */ = {isa = PBXBuildFile; fileRef = AE8127B31BB53BCD008355BA /* Assets.xcassets */; };
		AE8127B71BB53BCD008355BA /* LaunchScreen.storyboard in Resources */ = {isa = PBXBuildFile; fileRef = AE8127B51BB53BCD008355BA /* LaunchScreen.storyboard */; };
		AE8127C61BB54920008355BA /* ConstantIdentifier.m in Sources */ = {isa = PBXBuildFile; fileRef = AE8127C51BB54920008355BA /* ConstantIdentifier.m */; settings = {ASSET_TAGS = (); }; };
		AEBB24BE1BC3C5C3008D1952 /* product.m in Sources */ = {isa = PBXBuildFile; fileRef = AEBB24BA1BC3C5C3008D1952 /* product.m */; settings = {ASSET_TAGS = (); }; };
		AEBB24BF1BC3C5C3008D1952 /* productdetail.m in Sources */ = {isa = PBXBuildFile; fileRef = AEBB24BD1BC3C5C3008D1952 /* productdetail.m */; settings = {ASSET_TAGS = (); }; };
		AECB772A1BBBC83600F49A81 /* RDVTabBarItem.m in Sources */ = {isa = PBXBuildFile; fileRef = AECB77251BBBC83600F49A81 /* RDVTabBarItem.m */; settings = {ASSET_TAGS = (); }; };
		AECB772B1BBBC83600F49A81 /* RDVTabBar.m in Sources */ = {isa = PBXBuildFile; fileRef = AECB77271BBBC83600F49A81 /* RDVTabBar.m */; settings = {ASSET_TAGS = (); }; };
		AECB772C1BBBC83600F49A81 /* RDVTabBarController.m in Sources */ = {isa = PBXBuildFile; fileRef = AECB77291BBBC83600F49A81 /* RDVTabBarController.m */; settings = {ASSET_TAGS = (); }; };
		AED7F9731BC26F9800D13DE1 /* Default-568h@2x.png in Resources */ = {isa = PBXBuildFile; fileRef = AED7F9701BC26F9800D13DE1 /* Default-568h@2x.png */; settings = {ASSET_TAGS = (); }; };
		AED7F9741BC26F9800D13DE1 /* Default.png in Resources */ = {isa = PBXBuildFile; fileRef = AED7F9711BC26F9800D13DE1 /* Default.png */; settings = {ASSET_TAGS = (); }; };
		AED7F9751BC26F9800D13DE1 /* Default@2x.png in Resources */ = {isa = PBXBuildFile; fileRef = AED7F9721BC26F9800D13DE1 /* Default@2x.png */; settings = {ASSET_TAGS = (); }; };
		AED7F98B1BC272F700D13DE1 /* forgetpassword.m in Sources */ = {isa = PBXBuildFile; fileRef = AED7F9801BC272F700D13DE1 /* forgetpassword.m */; settings = {ASSET_TAGS = (); }; };
		AED7F98C1BC272F700D13DE1 /* login.m in Sources */ = {isa = PBXBuildFile; fileRef = AED7F9831BC272F700D13DE1 /* login.m */; settings = {ASSET_TAGS = (); }; };
		AED7F98D1BC272F700D13DE1 /* registration.m in Sources */ = {isa = PBXBuildFile; fileRef = AED7F9861BC272F700D13DE1 /* registration.m */; settings = {ASSET_TAGS = (); }; };
		AED7FA4D1BC273C400D13DE1 /* home.m in Sources */ = {isa = PBXBuildFile; fileRef = AED7FA4C1BC273C400D13DE1 /* home.m */; settings = {ASSET_TAGS = (); }; };
		AED7FA501BC2741F00D13DE1 /* vendor.m in Sources */ = {isa = PBXBuildFile; fileRef = AED7FA4F1BC2741F00D13DE1 /* vendor.m */; settings = {ASSET_TAGS = (); }; };
		AED7FA531BC2743500D13DE1 /* mosque.m in Sources */ = {isa = PBXBuildFile; fileRef = AED7FA521BC2743500D13DE1 /* mosque.m */; settings = {ASSET_TAGS = (); }; };
		AED7FA561BC2745700D13DE1 /* category.m in Sources */ = {isa = PBXBuildFile; fileRef = AED7FA551BC2745700D13DE1 /* category.m */; settings = {ASSET_TAGS = (); }; };
		AEDB0BE41BC28CA000D3DB55 /* myaccount.m in Sources */ = {isa = PBXBuildFile; fileRef = AEDB0BE31BC28CA000D3DB55 /* myaccount.m */; settings = {ASSET_TAGS = (); }; };
		AEDB0BF01BC2961C00D3DB55 /* category.jpg in Resources */ = {isa = PBXBuildFile; fileRef = AEDB0BE61BC2961C00D3DB55 /* category.jpg */; settings = {ASSET_TAGS = (); }; };
		AEDB0BF11BC2961C00D3DB55 /* halalmeat.jpg in Resources */ = {isa = PBXBuildFile; fileRef = AEDB0BE71BC2961C00D3DB55 /* halalmeat.jpg */; settings = {ASSET_TAGS = (); }; };
		AEDB0BF21BC2961C00D3DB55 /* home.jpg in Resources */ = {isa = PBXBuildFile; fileRef = AEDB0BE81BC2961C00D3DB55 /* home.jpg */; settings = {ASSET_TAGS = (); }; };
		AEDB0BF31BC2961C00D3DB55 /* login.jpg in Resources */ = {isa = PBXBuildFile; fileRef = AEDB0BE91BC2961C00D3DB55 /* login.jpg */; settings = {ASSET_TAGS = (); }; };
		AEDB0BF41BC2961C00D3DB55 /* mosque.jpg in Resources */ = {isa = PBXBuildFile; fileRef = AEDB0BEA1BC2961C00D3DB55 /* mosque.jpg */; settings = {ASSET_TAGS = (); }; };
		AEDB0BF51BC2961C00D3DB55 /* myaccount.jpg in Resources */ = {isa = PBXBuildFile; fileRef = AEDB0BEB1BC2961C00D3DB55 /* myaccount.jpg */; settings = {ASSET_TAGS = (); }; };
		AEDB0BF61BC2961C00D3DB55 /* product.jpg in Resources */ = {isa = PBXBuildFile; fileRef = AEDB0BEC1BC2961C00D3DB55 /* product.jpg */; settings = {ASSET_TAGS = (); }; };
		AEDB0BF71BC2961C00D3DB55 /* productdetails.jpg in Resources */ = {isa = PBXBuildFile; fileRef = AEDB0BED1BC2961C00D3DB55 /* productdetails.jpg */; settings = {ASSET_TAGS = (); }; };
		AEDB0BF81BC2961C00D3DB55 /* register.jpg in Resources */ = {isa = PBXBuildFile; fileRef = AEDB0BEE1BC2961C00D3DB55 /* register.jpg */; settings = {ASSET_TAGS = (); }; };
		AEDB0BF91BC2961C00D3DB55 /* shoppingcart.jpg in Resources */ = {isa = PBXBuildFile; fileRef = AEDB0BEF1BC2961C00D3DB55 /* shoppingcart.jpg */; settings = {ASSET_TAGS = (); }; };
		AEDB0C051BC2A60200D3DB55 /* contactus.m in Sources */ = {isa = PBXBuildFile; fileRef = AEDB0C041BC2A60200D3DB55 /* contactus.m */; settings = {ASSET_TAGS = (); }; };
		AEDB0C081BC2A61500D3DB55 /* faq.m in Sources */ = {isa = PBXBuildFile; fileRef = AEDB0C071BC2A61500D3DB55 /* faq.m */; settings = {ASSET_TAGS = (); }; };
		AEDB0C0B1BC2A62600D3DB55 /* policy.m in Sources */ = {isa = PBXBuildFile; fileRef = AEDB0C0A1BC2A62600D3DB55 /* policy.m */; settings = {ASSET_TAGS = (); }; };
		AEDB0C0E1BC2A63A00D3DB55 /* trackorder.m in Sources */ = {isa = PBXBuildFile; fileRef = AEDB0C0D1BC2A63A00D3DB55 /* trackorder.m */; settings = {ASSET_TAGS = (); }; };
		AEDB0C3E1BC2A92600D3DB55 /* A11_selected.png in Resources */ = {isa = PBXBuildFile; fileRef = AEDB0C121BC2A92600D3DB55 /* A11_selected.png */; settings = {ASSET_TAGS = (); }; };
		AEDB0C3F1BC2A92600D3DB55 /* A11_selected@2x.png in Resources */ = {isa = PBXBuildFile; fileRef = AEDB0C131BC2A92600D3DB55 /* A11_selected@2x.png */; settings = {ASSET_TAGS = (); }; };
		AEDB0C401BC2A92600D3DB55 /* A11_normal.png in Resources */ = {isa = PBXBuildFile; fileRef = AEDB0C141BC2A92600D3DB55 /* A11_normal.png */; settings = {ASSET_TAGS = (); }; };
		AEDB0C411BC2A92600D3DB55 /* A11_normal@2x.png in Resources */ = {isa = PBXBuildFile; fileRef = AEDB0C151BC2A92600D3DB55 /* A11_normal@2x.png */; settings = {ASSET_TAGS = (); }; };
		AEDB0C441BC2A92600D3DB55 /* first_normal.png in Resources */ = {isa = PBXBuildFile; fileRef = AEDB0C181BC2A92600D3DB55 /* first_normal.png */; settings = {ASSET_TAGS = (); }; };
		AEDB0C451BC2A92600D3DB55 /* first_normal@2x.png in Resources */ = {isa = PBXBuildFile; fileRef = AEDB0C191BC2A92600D3DB55 /* first_normal@2x.png */; settings = {ASSET_TAGS = (); }; };
		AEDB0C461BC2A92600D3DB55 /* first_selected.png in Resources */ = {isa = PBXBuildFile; fileRef = AEDB0C1A1BC2A92600D3DB55 /* first_selected.png */; settings = {ASSET_TAGS = (); }; };
		AEDB0C471BC2A92600D3DB55 /* first_selected@2x.png in Resources */ = {isa = PBXBuildFile; fileRef = AEDB0C1B1BC2A92600D3DB55 /* first_selected@2x.png */; settings = {ASSET_TAGS = (); }; };
		AEDB0C4A1BC2A92600D3DB55 /* m11_normal.png in Resources */ = {isa = PBXBuildFile; fileRef = AEDB0C1E1BC2A92600D3DB55 /* m11_normal.png */; settings = {ASSET_TAGS = (); }; };
		AEDB0C4B1BC2A92600D3DB55 /* m11_normal@2x.png in Resources */ = {isa = PBXBuildFile; fileRef = AEDB0C1F1BC2A92600D3DB55 /* m11_normal@2x.png */; settings = {ASSET_TAGS = (); }; };
		AEDB0C4C1BC2A92600D3DB55 /* m11_selected.png in Resources */ = {isa = PBXBuildFile; fileRef = AEDB0C201BC2A92600D3DB55 /* m11_selected.png */; settings = {ASSET_TAGS = (); }; };
		AEDB0C4D1BC2A92600D3DB55 /* m11_selected@2x.png in Resources */ = {isa = PBXBuildFile; fileRef = AEDB0C211BC2A92600D3DB55 /* m11_selected@2x.png */; settings = {ASSET_TAGS = (); }; };
		AEDB0C501BC2A92600D3DB55 /* navigationbar_background.png in Resources */ = {isa = PBXBuildFile; fileRef = AEDB0C241BC2A92600D3DB55 /* navigationbar_background.png */; settings = {ASSET_TAGS = (); }; };
		AEDB0C511BC2A92600D3DB55 /* navigationbar_background@2x.png in Resources */ = {isa = PBXBuildFile; fileRef = AEDB0C251BC2A92600D3DB55 /* navigationbar_background@2x.png */; settings = {ASSET_TAGS = (); }; };
		AEDB0C521BC2A92600D3DB55 /* navigationbar_background_tall.png in Resources */ = {isa = PBXBuildFile; fileRef = AEDB0C261BC2A92600D3DB55 /* navigationbar_background_tall.png */; settings = {ASSET_TAGS = (); }; };
		AEDB0C531BC2A92600D3DB55 /* navigationbar_background_tall@2x.png in Resources */ = {isa = PBXBuildFile; fileRef = AEDB0C271BC2A92600D3DB55 /* navigationbar_background_tall@2x.png */; settings = {ASSET_TAGS = (); }; };
		AEDB0C541BC2A92600D3DB55 /* second_normal.png in Resources */ = {isa = PBXBuildFile; fileRef = AEDB0C281BC2A92600D3DB55 /* second_normal.png */; settings = {ASSET_TAGS = (); }; };
		AEDB0C551BC2A92600D3DB55 /* second_normal@2x.png in Resources */ = {isa = PBXBuildFile; fileRef = AEDB0C291BC2A92600D3DB55 /* second_normal@2x.png */; settings = {ASSET_TAGS = (); }; };
		AEDB0C561BC2A92600D3DB55 /* second_selected.png in Resources */ = {isa = PBXBuildFile; fileRef = AEDB0C2A1BC2A92600D3DB55 /* second_selected.png */; settings = {ASSET_TAGS = (); }; };
		AEDB0C571BC2A92600D3DB55 /* second_selected@2x.png in Resources */ = {isa = PBXBuildFile; fileRef = AEDB0C2B1BC2A92600D3DB55 /* second_selected@2x.png */; settings = {ASSET_TAGS = (); }; };
		AEDB0C581BC2A92600D3DB55 /* tabbar_normal_background.png in Resources */ = {isa = PBXBuildFile; fileRef = AEDB0C2C1BC2A92600D3DB55 /* tabbar_normal_background.png */; settings = {ASSET_TAGS = (); }; };
		AEDB0C591BC2A92600D3DB55 /* tabbar_normal_background@2x.png in Resources */ = {isa = PBXBuildFile; fileRef = AEDB0C2D1BC2A92600D3DB55 /* tabbar_normal_background@2x.png */; settings = {ASSET_TAGS = (); }; };
		AEDB0C5A1BC2A92600D3DB55 /* tabbar_selected_background.png in Resources */ = {isa = PBXBuildFile; fileRef = AEDB0C2E1BC2A92600D3DB55 /* tabbar_selected_background.png */; settings = {ASSET_TAGS = (); }; };
		AEDB0C5B1BC2A92600D3DB55 /* tabbar_selected_background@2x.png in Resources */ = {isa = PBXBuildFile; fileRef = AEDB0C2F1BC2A92600D3DB55 /* tabbar_selected_background@2x.png */; settings = {ASSET_TAGS = (); }; };
		AEDB0C5C1BC2A92600D3DB55 /* third_normal.png in Resources */ = {isa = PBXBuildFile; fileRef = AEDB0C301BC2A92600D3DB55 /* third_normal.png */; settings = {ASSET_TAGS = (); }; };
		AEDB0C5D1BC2A92600D3DB55 /* third_normal@2x.png in Resources */ = {isa = PBXBuildFile; fileRef = AEDB0C311BC2A92600D3DB55 /* third_normal@2x.png */; settings = {ASSET_TAGS = (); }; };
		AEDB0C5E1BC2A92600D3DB55 /* third_selected.png in Resources */ = {isa = PBXBuildFile; fileRef = AEDB0C321BC2A92600D3DB55 /* third_selected.png */; settings = {ASSET_TAGS = (); }; };
		AEDB0C5F1BC2A92600D3DB55 /* third_selected@2x.png in Resources */ = {isa = PBXBuildFile; fileRef = AEDB0C331BC2A92600D3DB55 /* third_selected@2x.png */; settings = {ASSET_TAGS = (); }; };
		AEDB0C621BC2A92600D3DB55 /* v11_selected@2x.png in Resources */ = {isa = PBXBuildFile; fileRef = AEDB0C361BC2A92600D3DB55 /* v11_selected@2x.png */; settings = {ASSET_TAGS = (); }; };
		AEDB0C631BC2A92600D3DB55 /* v11_selected.png in Resources */ = {isa = PBXBuildFile; fileRef = AEDB0C371BC2A92600D3DB55 /* v11_selected.png */; settings = {ASSET_TAGS = (); }; };
		AEDB0C661BC2A92600D3DB55 /* v11_normal.png in Resources */ = {isa = PBXBuildFile; fileRef = AEDB0C3A1BC2A92600D3DB55 /* v11_normal.png */; settings = {ASSET_TAGS = (); }; };
		AEDB0C671BC2A92600D3DB55 /* v11_normal@2x.png in Resources */ = {isa = PBXBuildFile; fileRef = AEDB0C3B1BC2A92600D3DB55 /* v11_normal@2x.png */; settings = {ASSET_TAGS = (); }; };
		AEDB0C721BC2ADB600D3DB55 /* Icon-60.png in Resources */ = {isa = PBXBuildFile; fileRef = AEDB0C691BC2ADB600D3DB55 /* Icon-60.png */; settings = {ASSET_TAGS = (); }; };
		AEDB0C731BC2ADB600D3DB55 /* Icon-72.png in Resources */ = {isa = PBXBuildFile; fileRef = AEDB0C6A1BC2ADB600D3DB55 /* Icon-72.png */; settings = {ASSET_TAGS = (); }; };
		AEDB0C741BC2ADB600D3DB55 /* Icon-72@2x.png in Resources */ = {isa = PBXBuildFile; fileRef = AEDB0C6B1BC2ADB600D3DB55 /* Icon-72@2x.png */; settings = {ASSET_TAGS = (); }; };
		AEDB0C751BC2ADB600D3DB55 /* Icon-Small-50.png in Resources */ = {isa = PBXBuildFile; fileRef = AEDB0C6C1BC2ADB600D3DB55 /* Icon-Small-50.png */; settings = {ASSET_TAGS = (); }; };
		AEDB0C761BC2ADB600D3DB55 /* Icon-Small-50@2x.png in Resources */ = {isa = PBXBuildFile; fileRef = AEDB0C6D1BC2ADB600D3DB55 /* Icon-Small-50@2x.png */; settings = {ASSET_TAGS = (); }; };
		AEDB0C771BC2ADB600D3DB55 /* Icon.png in Resources */ = {isa = PBXBuildFile; fileRef = AEDB0C6E1BC2ADB600D3DB55 /* Icon.png */; settings = {ASSET_TAGS = (); }; };
		AEDB0C781BC2ADB600D3DB55 /* Icon@2x.png in Resources */ = {isa = PBXBuildFile; fileRef = AEDB0C6F1BC2ADB600D3DB55 /* Icon@2x.png */; settings = {ASSET_TAGS = (); }; };
		AEDB0C791BC2ADB600D3DB55 /* iTunesArtwork.png in Resources */ = {isa = PBXBuildFile; fileRef = AEDB0C701BC2ADB600D3DB55 /* iTunesArtwork.png */; settings = {ASSET_TAGS = (); }; };
		AEDB0C7A1BC2ADB600D3DB55 /* iTunesArtwork@2x.png in Resources */ = {isa = PBXBuildFile; fileRef = AEDB0C711BC2ADB600D3DB55 /* iTunesArtwork@2x.png */; settings = {ASSET_TAGS = (); }; };
		CAE049A8B52C839376972AEA /* libPods-6labusa.a in Frameworks */ = {isa = PBXBuildFile; fileRef = A80C2A0A6D0C6AFDC1B9CF99 /* libPods-6labusa.a */; };
/* End PBXBuildFile section */

/* Begin PBXFileReference section */
		75C4FB7CBDAE97AF79E61EDC /* Pods-6labusa.release.xcconfig */ = {isa = PBXFileReference; includeInIndex = 1; lastKnownFileType = text.xcconfig; name = "Pods-6labusa.release.xcconfig"; path = "Pods/Target Support Files/Pods-6labusa/Pods-6labusa.release.xcconfig"; sourceTree = "<group>"; };
		A80C2A0A6D0C6AFDC1B9CF99 /* libPods-6labusa.a */ = {isa = PBXFileReference; explicitFileType = archive.ar; includeInIndex = 0; path = "libPods-6labusa.a"; sourceTree = BUILT_PRODUCTS_DIR; };
		AE0E4E2F1BBA7D190065E9EA /* leftmenu.h */ = {isa = PBXFileReference; fileEncoding = 4; lastKnownFileType = sourcecode.c.h; path = leftmenu.h; sourceTree = "<group>"; };
		AE0E4E301BBA7D190065E9EA /* leftmenu.m */ = {isa = PBXFileReference; fileEncoding = 4; lastKnownFileType = sourcecode.c.objc; path = leftmenu.m; sourceTree = "<group>"; };
		AE0E4E321BBA7D920065E9EA /* tbl.h */ = {isa = PBXFileReference; fileEncoding = 4; lastKnownFileType = sourcecode.c.h; path = tbl.h; sourceTree = "<group>"; };
		AE0E4E331BBA7D920065E9EA /* tbl.m */ = {isa = PBXFileReference; fileEncoding = 4; lastKnownFileType = sourcecode.c.objc; path = tbl.m; sourceTree = "<group>"; };
		AE1F35FB1BB92C9400B0EE2F /* NSMutableURLRequest+Parameters.h */ = {isa = PBXFileReference; fileEncoding = 4; lastKnownFileType = sourcecode.c.h; path = "NSMutableURLRequest+Parameters.h"; sourceTree = "<group>"; };
		AE1F35FC1BB92C9400B0EE2F /* NSMutableURLRequest+Parameters.m */ = {isa = PBXFileReference; fileEncoding = 4; lastKnownFileType = sourcecode.c.objc; path = "NSMutableURLRequest+Parameters.m"; sourceTree = "<group>"; };
		AE1F35FD1BB92C9400B0EE2F /* NSString+URLEncoding.h */ = {isa = PBXFileReference; fileEncoding = 4; lastKnownFileType = sourcecode.c.h; path = "NSString+URLEncoding.h"; sourceTree = "<group>"; };
		AE1F35FE1BB92C9400B0EE2F /* NSString+URLEncoding.m */ = {isa = PBXFileReference; fileEncoding = 4; lastKnownFileType = sourcecode.c.objc; path = "NSString+URLEncoding.m"; sourceTree = "<group>"; };
		AE1F35FF1BB92C9400B0EE2F /* NSURL+Base.h */ = {isa = PBXFileReference; fileEncoding = 4; lastKnownFileType = sourcecode.c.h; path = "NSURL+Base.h"; sourceTree = "<group>"; };
		AE1F36001BB92C9400B0EE2F /* NSURL+Base.m */ = {isa = PBXFileReference; fileEncoding = 4; lastKnownFileType = sourcecode.c.objc; path = "NSURL+Base.m"; sourceTree = "<group>"; };
		AE1F36021BB92C9400B0EE2F /* Base64Transcoder.c */ = {isa = PBXFileReference; fileEncoding = 4; lastKnownFileType = sourcecode.c.c; path = Base64Transcoder.c; sourceTree = "<group>"; };
		AE1F36031BB92C9400B0EE2F /* Base64Transcoder.h */ = {isa = PBXFileReference; fileEncoding = 4; lastKnownFileType = sourcecode.c.h; path = Base64Transcoder.h; sourceTree = "<group>"; };
		AE1F36041BB92C9400B0EE2F /* hmac.c */ = {isa = PBXFileReference; fileEncoding = 4; lastKnownFileType = sourcecode.c.c; path = hmac.c; sourceTree = "<group>"; };
		AE1F36051BB92C9400B0EE2F /* hmac.h */ = {isa = PBXFileReference; fileEncoding = 4; lastKnownFileType = sourcecode.c.h; path = hmac.h; sourceTree = "<group>"; };
		AE1F36061BB92C9400B0EE2F /* sha1.c */ = {isa = PBXFileReference; fileEncoding = 4; lastKnownFileType = sourcecode.c.c; path = sha1.c; sourceTree = "<group>"; };
		AE1F36071BB92C9400B0EE2F /* sha1.h */ = {isa = PBXFileReference; fileEncoding = 4; lastKnownFileType = sourcecode.c.h; path = sha1.h; sourceTree = "<group>"; };
		AE1F36081BB92C9400B0EE2F /* OAAttachment.h */ = {isa = PBXFileReference; fileEncoding = 4; lastKnownFileType = sourcecode.c.h; path = OAAttachment.h; sourceTree = "<group>"; };
		AE1F36091BB92C9400B0EE2F /* OAAttachment.m */ = {isa = PBXFileReference; fileEncoding = 4; lastKnownFileType = sourcecode.c.objc; path = OAAttachment.m; sourceTree = "<group>"; };
		AE1F360A1BB92C9400B0EE2F /* OACall.h */ = {isa = PBXFileReference; fileEncoding = 4; lastKnownFileType = sourcecode.c.h; path = OACall.h; sourceTree = "<group>"; };
		AE1F360B1BB92C9400B0EE2F /* OACall.m */ = {isa = PBXFileReference; fileEncoding = 4; lastKnownFileType = sourcecode.c.objc; path = OACall.m; sourceTree = "<group>"; };
		AE1F360C1BB92C9400B0EE2F /* OAConsumer.h */ = {isa = PBXFileReference; fileEncoding = 4; lastKnownFileType = sourcecode.c.h; path = OAConsumer.h; sourceTree = "<group>"; };
		AE1F360D1BB92C9400B0EE2F /* OAConsumer.m */ = {isa = PBXFileReference; fileEncoding = 4; lastKnownFileType = sourcecode.c.objc; path = OAConsumer.m; sourceTree = "<group>"; };
		AE1F360E1BB92C9400B0EE2F /* OADataFetcher.h */ = {isa = PBXFileReference; fileEncoding = 4; lastKnownFileType = sourcecode.c.h; path = OADataFetcher.h; sourceTree = "<group>"; };
		AE1F360F1BB92C9400B0EE2F /* OADataFetcher.m */ = {isa = PBXFileReference; fileEncoding = 4; lastKnownFileType = sourcecode.c.objc; path = OADataFetcher.m; sourceTree = "<group>"; };
		AE1F36101BB92C9400B0EE2F /* OAHMAC_SHA1SignatureProvider.h */ = {isa = PBXFileReference; fileEncoding = 4; lastKnownFileType = sourcecode.c.h; path = OAHMAC_SHA1SignatureProvider.h; sourceTree = "<group>"; };
		AE1F36111BB92C9400B0EE2F /* OAHMAC_SHA1SignatureProvider.m */ = {isa = PBXFileReference; fileEncoding = 4; lastKnownFileType = sourcecode.c.objc; path = OAHMAC_SHA1SignatureProvider.m; sourceTree = "<group>"; };
		AE1F36121BB92C9400B0EE2F /* OAMutableURLRequest.h */ = {isa = PBXFileReference; fileEncoding = 4; lastKnownFileType = sourcecode.c.h; path = OAMutableURLRequest.h; sourceTree = "<group>"; };
		AE1F36131BB92C9400B0EE2F /* OAMutableURLRequest.m */ = {isa = PBXFileReference; fileEncoding = 4; lastKnownFileType = sourcecode.c.objc; path = OAMutableURLRequest.m; sourceTree = "<group>"; };
		AE1F36141BB92C9400B0EE2F /* OAPlaintextSignatureProvider.h */ = {isa = PBXFileReference; fileEncoding = 4; lastKnownFileType = sourcecode.c.h; path = OAPlaintextSignatureProvider.h; sourceTree = "<group>"; };
		AE1F36151BB92C9400B0EE2F /* OAPlaintextSignatureProvider.m */ = {isa = PBXFileReference; fileEncoding = 4; lastKnownFileType = sourcecode.c.objc; path = OAPlaintextSignatureProvider.m; sourceTree = "<group>"; };
		AE1F36161BB92C9400B0EE2F /* OAProblem.h */ = {isa = PBXFileReference; fileEncoding = 4; lastKnownFileType = sourcecode.c.h; path = OAProblem.h; sourceTree = "<group>"; };
		AE1F36171BB92C9400B0EE2F /* OAProblem.m */ = {isa = PBXFileReference; fileEncoding = 4; lastKnownFileType = sourcecode.c.objc; path = OAProblem.m; sourceTree = "<group>"; };
		AE1F36181BB92C9400B0EE2F /* OARequestParameter.h */ = {isa = PBXFileReference; fileEncoding = 4; lastKnownFileType = sourcecode.c.h; path = OARequestParameter.h; sourceTree = "<group>"; };
		AE1F36191BB92C9400B0EE2F /* OARequestParameter.m */ = {isa = PBXFileReference; fileEncoding = 4; lastKnownFileType = sourcecode.c.objc; path = OARequestParameter.m; sourceTree = "<group>"; };
		AE1F361A1BB92C9400B0EE2F /* OAServiceTicket.h */ = {isa = PBXFileReference; fileEncoding = 4; lastKnownFileType = sourcecode.c.h; path = OAServiceTicket.h; sourceTree = "<group>"; };
		AE1F361B1BB92C9400B0EE2F /* OAServiceTicket.m */ = {isa = PBXFileReference; fileEncoding = 4; lastKnownFileType = sourcecode.c.objc; path = OAServiceTicket.m; sourceTree = "<group>"; };
		AE1F361C1BB92C9400B0EE2F /* OASignatureProviding.h */ = {isa = PBXFileReference; fileEncoding = 4; lastKnownFileType = sourcecode.c.h; path = OASignatureProviding.h; sourceTree = "<group>"; };
		AE1F361D1BB92C9400B0EE2F /* OATestServer.rb */ = {isa = PBXFileReference; fileEncoding = 4; lastKnownFileType = text.script.ruby; path = OATestServer.rb; sourceTree = "<group>"; };
		AE1F361E1BB92C9400B0EE2F /* OAToken.h */ = {isa = PBXFileReference; fileEncoding = 4; lastKnownFileType = sourcecode.c.h; path = OAToken.h; sourceTree = "<group>"; };
		AE1F361F1BB92C9400B0EE2F /* OAToken.m */ = {isa = PBXFileReference; fileEncoding = 4; lastKnownFileType = sourcecode.c.objc; path = OAToken.m; sourceTree = "<group>"; };
		AE1F36201BB92C9400B0EE2F /* OATokenManager.h */ = {isa = PBXFileReference; fileEncoding = 4; lastKnownFileType = sourcecode.c.h; path = OATokenManager.h; sourceTree = "<group>"; };
		AE1F36211BB92C9400B0EE2F /* OATokenManager.m */ = {isa = PBXFileReference; fileEncoding = 4; lastKnownFileType = sourcecode.c.objc; path = OATokenManager.m; sourceTree = "<group>"; };
		AE1F36221BB92C9400B0EE2F /* OAuthConsumer.h */ = {isa = PBXFileReference; fileEncoding = 4; lastKnownFileType = sourcecode.c.h; path = OAuthConsumer.h; sourceTree = "<group>"; };
		AE1F36231BB92C9400B0EE2F /* README */ = {isa = PBXFileReference; fileEncoding = 4; lastKnownFileType = text; path = README; sourceTree = "<group>"; };
		AE1F36241BB92C9400B0EE2F /* TwitterOAuthViewController.h */ = {isa = PBXFileReference; fileEncoding = 4; lastKnownFileType = sourcecode.c.h; path = TwitterOAuthViewController.h; sourceTree = "<group>"; };
		AE1F36251BB92C9400B0EE2F /* TwitterOAuthViewController.m */ = {isa = PBXFileReference; fileEncoding = 4; lastKnownFileType = sourcecode.c.objc; path = TwitterOAuthViewController.m; sourceTree = "<group>"; };
		AE1F36411BB9338A00B0EE2F /* FBSDKCoreKit.framework */ = {isa = PBXFileReference; lastKnownFileType = wrapper.framework; path = FBSDKCoreKit.framework; sourceTree = "<group>"; };
		AE1F36431BB936A800B0EE2F /* FBSDKLoginKit.framework */ = {isa = PBXFileReference; lastKnownFileType = wrapper.framework; path = FBSDKLoginKit.framework; sourceTree = "<group>"; };
		AE1F36611BB966CF00B0EE2F /* sharedobject.h */ = {isa = PBXFileReference; fileEncoding = 4; lastKnownFileType = sourcecode.c.h; path = sharedobject.h; sourceTree = "<group>"; };
		AE1F36621BB966CF00B0EE2F /* sharedobject.m */ = {isa = PBXFileReference; fileEncoding = 4; lastKnownFileType = sourcecode.c.objc; path = sharedobject.m; sourceTree = "<group>"; };
		AE3B8E3C1BC52C5900C2B467 /* CoreLocation.framework */ = {isa = PBXFileReference; lastKnownFileType = wrapper.framework; name = CoreLocation.framework; path = System/Library/Frameworks/CoreLocation.framework; sourceTree = SDKROOT; };
		AE3B8E3E1BC52C6000C2B467 /* MapKit.framework */ = {isa = PBXFileReference; lastKnownFileType = wrapper.framework; name = MapKit.framework; path = System/Library/Frameworks/MapKit.framework; sourceTree = SDKROOT; };
		AE3B8E411BC52F0900C2B467 /* MapPoint.h */ = {isa = PBXFileReference; fileEncoding = 4; lastKnownFileType = sourcecode.c.h; path = MapPoint.h; sourceTree = "<group>"; };
		AE3B8E421BC52F0900C2B467 /* MapPoint.m */ = {isa = PBXFileReference; fileEncoding = 4; lastKnownFileType = sourcecode.c.objc; path = MapPoint.m; sourceTree = "<group>"; };
		AE3B8E451BC5415E00C2B467 /* blog.h */ = {isa = PBXFileReference; fileEncoding = 4; lastKnownFileType = sourcecode.c.h; path = blog.h; sourceTree = "<group>"; };
		AE3B8E461BC5415E00C2B467 /* blog.m */ = {isa = PBXFileReference; fileEncoding = 4; lastKnownFileType = sourcecode.c.objc; path = blog.m; sourceTree = "<group>"; };
		AE3B8E491BC546D700C2B467 /* nearmosque.h */ = {isa = PBXFileReference; fileEncoding = 4; lastKnownFileType = sourcecode.c.h; path = nearmosque.h; sourceTree = "<group>"; };
		AE3B8E4A1BC546D700C2B467 /* nearmosque.m */ = {isa = PBXFileReference; fileEncoding = 4; lastKnownFileType = sourcecode.c.objc; path = nearmosque.m; sourceTree = "<group>"; };
		AE8127A41BB53BCD008355BA /* 6labusa.app */ = {isa = PBXFileReference; explicitFileType = wrapper.application; includeInIndex = 0; path = 6labusa.app; sourceTree = BUILT_PRODUCTS_DIR; };
		AE8127A81BB53BCD008355BA /* main.m */ = {isa = PBXFileReference; lastKnownFileType = sourcecode.c.objc; path = main.m; sourceTree = "<group>"; };
		AE8127AA1BB53BCD008355BA /* AppDelegate.h */ = {isa = PBXFileReference; lastKnownFileType = sourcecode.c.h; path = AppDelegate.h; sourceTree = "<group>"; };
		AE8127AB1BB53BCD008355BA /* AppDelegate.m */ = {isa = PBXFileReference; lastKnownFileType = sourcecode.c.objc; path = AppDelegate.m; sourceTree = "<group>"; };
		AE8127AD1BB53BCD008355BA /* ViewController.h */ = {isa = PBXFileReference; lastKnownFileType = sourcecode.c.h; path = ViewController.h; sourceTree = "<group>"; };
		AE8127AE1BB53BCD008355BA /* ViewController.m */ = {isa = PBXFileReference; lastKnownFileType = sourcecode.c.objc; path = ViewController.m; sourceTree = "<group>"; };
		AE8127B11BB53BCD008355BA /* Base */ = {isa = PBXFileReference; lastKnownFileType = file.storyboard; name = Base; path = Base.lproj/Main.storyboard; sourceTree = "<group>"; };
		AE8127B31BB53BCD008355BA /* Assets.xcassets */ = {isa = PBXFileReference; lastKnownFileType = folder.assetcatalog; path = Assets.xcassets; sourceTree = "<group>"; };
		AE8127B61BB53BCD008355BA /* Base */ = {isa = PBXFileReference; lastKnownFileType = file.storyboard; name = Base; path = Base.lproj/LaunchScreen.storyboard; sourceTree = "<group>"; };
		AE8127B81BB53BCD008355BA /* Info.plist */ = {isa = PBXFileReference; lastKnownFileType = text.plist.xml; path = Info.plist; sourceTree = "<group>"; };
		AE8127C41BB54920008355BA /* ConstantIdentifier.h */ = {isa = PBXFileReference; fileEncoding = 4; lastKnownFileType = sourcecode.c.h; path = ConstantIdentifier.h; sourceTree = "<group>"; };
		AE8127C51BB54920008355BA /* ConstantIdentifier.m */ = {isa = PBXFileReference; fileEncoding = 4; lastKnownFileType = sourcecode.c.objc; path = ConstantIdentifier.m; sourceTree = "<group>"; };
		AEBB24B91BC3C5C3008D1952 /* product.h */ = {isa = PBXFileReference; fileEncoding = 4; lastKnownFileType = sourcecode.c.h; path = product.h; sourceTree = "<group>"; };
		AEBB24BA1BC3C5C3008D1952 /* product.m */ = {isa = PBXFileReference; fileEncoding = 4; lastKnownFileType = sourcecode.c.objc; path = product.m; sourceTree = "<group>"; };
		AEBB24BC1BC3C5C3008D1952 /* productdetail.h */ = {isa = PBXFileReference; fileEncoding = 4; lastKnownFileType = sourcecode.c.h; path = productdetail.h; sourceTree = "<group>"; };
		AEBB24BD1BC3C5C3008D1952 /* productdetail.m */ = {isa = PBXFileReference; fileEncoding = 4; lastKnownFileType = sourcecode.c.objc; path = productdetail.m; sourceTree = "<group>"; };
		AECB77241BBBC83600F49A81 /* RDVTabBarItem.h */ = {isa = PBXFileReference; fileEncoding = 4; lastKnownFileType = sourcecode.c.h; path = RDVTabBarItem.h; sourceTree = "<group>"; };
		AECB77251BBBC83600F49A81 /* RDVTabBarItem.m */ = {isa = PBXFileReference; fileEncoding = 4; lastKnownFileType = sourcecode.c.objc; path = RDVTabBarItem.m; sourceTree = "<group>"; };
		AECB77261BBBC83600F49A81 /* RDVTabBar.h */ = {isa = PBXFileReference; fileEncoding = 4; lastKnownFileType = sourcecode.c.h; path = RDVTabBar.h; sourceTree = "<group>"; };
		AECB77271BBBC83600F49A81 /* RDVTabBar.m */ = {isa = PBXFileReference; fileEncoding = 4; lastKnownFileType = sourcecode.c.objc; path = RDVTabBar.m; sourceTree = "<group>"; };
		AECB77281BBBC83600F49A81 /* RDVTabBarController.h */ = {isa = PBXFileReference; fileEncoding = 4; lastKnownFileType = sourcecode.c.h; path = RDVTabBarController.h; sourceTree = "<group>"; };
		AECB77291BBBC83600F49A81 /* RDVTabBarController.m */ = {isa = PBXFileReference; fileEncoding = 4; lastKnownFileType = sourcecode.c.objc; path = RDVTabBarController.m; sourceTree = "<group>"; };
		AED7F9701BC26F9800D13DE1 /* Default-568h@2x.png */ = {isa = PBXFileReference; lastKnownFileType = image.png; path = "Default-568h@2x.png"; sourceTree = "<group>"; };
		AED7F9711BC26F9800D13DE1 /* Default.png */ = {isa = PBXFileReference; lastKnownFileType = image.png; path = Default.png; sourceTree = "<group>"; };
		AED7F9721BC26F9800D13DE1 /* Default@2x.png */ = {isa = PBXFileReference; lastKnownFileType = image.png; path = "Default@2x.png"; sourceTree = "<group>"; };
		AED7F97F1BC272F700D13DE1 /* forgetpassword.h */ = {isa = PBXFileReference; fileEncoding = 4; lastKnownFileType = sourcecode.c.h; path = forgetpassword.h; sourceTree = "<group>"; };
		AED7F9801BC272F700D13DE1 /* forgetpassword.m */ = {isa = PBXFileReference; fileEncoding = 4; lastKnownFileType = sourcecode.c.objc; path = forgetpassword.m; sourceTree = "<group>"; };
		AED7F9821BC272F700D13DE1 /* login.h */ = {isa = PBXFileReference; fileEncoding = 4; lastKnownFileType = sourcecode.c.h; path = login.h; sourceTree = "<group>"; };
		AED7F9831BC272F700D13DE1 /* login.m */ = {isa = PBXFileReference; fileEncoding = 4; lastKnownFileType = sourcecode.c.objc; path = login.m; sourceTree = "<group>"; };
		AED7F9851BC272F700D13DE1 /* registration.h */ = {isa = PBXFileReference; fileEncoding = 4; lastKnownFileType = sourcecode.c.h; path = registration.h; sourceTree = "<group>"; };
		AED7F9861BC272F700D13DE1 /* registration.m */ = {isa = PBXFileReference; fileEncoding = 4; lastKnownFileType = sourcecode.c.objc; path = registration.m; sourceTree = "<group>"; };
		AED7FA4B1BC273C400D13DE1 /* home.h */ = {isa = PBXFileReference; fileEncoding = 4; lastKnownFileType = sourcecode.c.h; path = home.h; sourceTree = "<group>"; };
		AED7FA4C1BC273C400D13DE1 /* home.m */ = {isa = PBXFileReference; fileEncoding = 4; lastKnownFileType = sourcecode.c.objc; path = home.m; sourceTree = "<group>"; };
		AED7FA4E1BC2741F00D13DE1 /* vendor.h */ = {isa = PBXFileReference; fileEncoding = 4; lastKnownFileType = sourcecode.c.h; path = vendor.h; sourceTree = "<group>"; };
		AED7FA4F1BC2741F00D13DE1 /* vendor.m */ = {isa = PBXFileReference; fileEncoding = 4; lastKnownFileType = sourcecode.c.objc; path = vendor.m; sourceTree = "<group>"; };
		AED7FA511BC2743500D13DE1 /* mosque.h */ = {isa = PBXFileReference; fileEncoding = 4; lastKnownFileType = sourcecode.c.h; path = mosque.h; sourceTree = "<group>"; };
		AED7FA521BC2743500D13DE1 /* mosque.m */ = {isa = PBXFileReference; fileEncoding = 4; lastKnownFileType = sourcecode.c.objc; path = mosque.m; sourceTree = "<group>"; };
		AED7FA541BC2745700D13DE1 /* category.h */ = {isa = PBXFileReference; fileEncoding = 4; lastKnownFileType = sourcecode.c.h; path = category.h; sourceTree = "<group>"; };
		AED7FA551BC2745700D13DE1 /* category.m */ = {isa = PBXFileReference; fileEncoding = 4; lastKnownFileType = sourcecode.c.objc; path = category.m; sourceTree = "<group>"; };
		AEDB0BE21BC28CA000D3DB55 /* myaccount.h */ = {isa = PBXFileReference; fileEncoding = 4; lastKnownFileType = sourcecode.c.h; path = myaccount.h; sourceTree = "<group>"; };
		AEDB0BE31BC28CA000D3DB55 /* myaccount.m */ = {isa = PBXFileReference; fileEncoding = 4; lastKnownFileType = sourcecode.c.objc; path = myaccount.m; sourceTree = "<group>"; };
		AEDB0BE61BC2961C00D3DB55 /* category.jpg */ = {isa = PBXFileReference; lastKnownFileType = image.jpeg; path = category.jpg; sourceTree = "<group>"; };
		AEDB0BE71BC2961C00D3DB55 /* halalmeat.jpg */ = {isa = PBXFileReference; lastKnownFileType = image.jpeg; path = halalmeat.jpg; sourceTree = "<group>"; };
		AEDB0BE81BC2961C00D3DB55 /* home.jpg */ = {isa = PBXFileReference; lastKnownFileType = image.jpeg; path = home.jpg; sourceTree = "<group>"; };
		AEDB0BE91BC2961C00D3DB55 /* login.jpg */ = {isa = PBXFileReference; lastKnownFileType = image.jpeg; path = login.jpg; sourceTree = "<group>"; };
		AEDB0BEA1BC2961C00D3DB55 /* mosque.jpg */ = {isa = PBXFileReference; lastKnownFileType = image.jpeg; path = mosque.jpg; sourceTree = "<group>"; };
		AEDB0BEB1BC2961C00D3DB55 /* myaccount.jpg */ = {isa = PBXFileReference; lastKnownFileType = image.jpeg; path = myaccount.jpg; sourceTree = "<group>"; };
		AEDB0BEC1BC2961C00D3DB55 /* product.jpg */ = {isa = PBXFileReference; lastKnownFileType = image.jpeg; path = product.jpg; sourceTree = "<group>"; };
		AEDB0BED1BC2961C00D3DB55 /* productdetails.jpg */ = {isa = PBXFileReference; lastKnownFileType = image.jpeg; path = productdetails.jpg; sourceTree = "<group>"; };
		AEDB0BEE1BC2961C00D3DB55 /* register.jpg */ = {isa = PBXFileReference; lastKnownFileType = image.jpeg; path = register.jpg; sourceTree = "<group>"; };
		AEDB0BEF1BC2961C00D3DB55 /* shoppingcart.jpg */ = {isa = PBXFileReference; lastKnownFileType = image.jpeg; path = shoppingcart.jpg; sourceTree = "<group>"; };
		AEDB0C031BC2A60200D3DB55 /* contactus.h */ = {isa = PBXFileReference; fileEncoding = 4; lastKnownFileType = sourcecode.c.h; path = contactus.h; sourceTree = "<group>"; };
		AEDB0C041BC2A60200D3DB55 /* contactus.m */ = {isa = PBXFileReference; fileEncoding = 4; lastKnownFileType = sourcecode.c.objc; path = contactus.m; sourceTree = "<group>"; };
		AEDB0C061BC2A61500D3DB55 /* faq.h */ = {isa = PBXFileReference; fileEncoding = 4; lastKnownFileType = sourcecode.c.h; path = faq.h; sourceTree = "<group>"; };
		AEDB0C071BC2A61500D3DB55 /* faq.m */ = {isa = PBXFileReference; fileEncoding = 4; lastKnownFileType = sourcecode.c.objc; path = faq.m; sourceTree = "<group>"; };
		AEDB0C091BC2A62600D3DB55 /* policy.h */ = {isa = PBXFileReference; fileEncoding = 4; lastKnownFileType = sourcecode.c.h; path = policy.h; sourceTree = "<group>"; };
		AEDB0C0A1BC2A62600D3DB55 /* policy.m */ = {isa = PBXFileReference; fileEncoding = 4; lastKnownFileType = sourcecode.c.objc; path = policy.m; sourceTree = "<group>"; };
		AEDB0C0C1BC2A63A00D3DB55 /* trackorder.h */ = {isa = PBXFileReference; fileEncoding = 4; lastKnownFileType = sourcecode.c.h; path = trackorder.h; sourceTree = "<group>"; };
		AEDB0C0D1BC2A63A00D3DB55 /* trackorder.m */ = {isa = PBXFileReference; fileEncoding = 4; lastKnownFileType = sourcecode.c.objc; path = trackorder.m; sourceTree = "<group>"; };
		AEDB0C121BC2A92600D3DB55 /* A11_selected.png */ = {isa = PBXFileReference; lastKnownFileType = image.png; path = A11_selected.png; sourceTree = "<group>"; };
		AEDB0C131BC2A92600D3DB55 /* A11_selected@2x.png */ = {isa = PBXFileReference; lastKnownFileType = image.png; path = "A11_selected@2x.png"; sourceTree = "<group>"; };
		AEDB0C141BC2A92600D3DB55 /* A11_normal.png */ = {isa = PBXFileReference; lastKnownFileType = image.png; path = A11_normal.png; sourceTree = "<group>"; };
		AEDB0C151BC2A92600D3DB55 /* A11_normal@2x.png */ = {isa = PBXFileReference; lastKnownFileType = image.png; path = "A11_normal@2x.png"; sourceTree = "<group>"; };
		AEDB0C181BC2A92600D3DB55 /* first_normal.png */ = {isa = PBXFileReference; lastKnownFileType = image.png; path = first_normal.png; sourceTree = "<group>"; };
		AEDB0C191BC2A92600D3DB55 /* first_normal@2x.png */ = {isa = PBXFileReference; lastKnownFileType = image.png; path = "first_normal@2x.png"; sourceTree = "<group>"; };
		AEDB0C1A1BC2A92600D3DB55 /* first_selected.png */ = {isa = PBXFileReference; lastKnownFileType = image.png; path = first_selected.png; sourceTree = "<group>"; };
		AEDB0C1B1BC2A92600D3DB55 /* first_selected@2x.png */ = {isa = PBXFileReference; lastKnownFileType = image.png; path = "first_selected@2x.png"; sourceTree = "<group>"; };
		AEDB0C1E1BC2A92600D3DB55 /* m11_normal.png */ = {isa = PBXFileReference; lastKnownFileType = image.png; path = m11_normal.png; sourceTree = "<group>"; };
		AEDB0C1F1BC2A92600D3DB55 /* m11_normal@2x.png */ = {isa = PBXFileReference; lastKnownFileType = image.png; path = "m11_normal@2x.png"; sourceTree = "<group>"; };
		AEDB0C201BC2A92600D3DB55 /* m11_selected.png */ = {isa = PBXFileReference; lastKnownFileType = image.png; path = m11_selected.png; sourceTree = "<group>"; };
		AEDB0C211BC2A92600D3DB55 /* m11_selected@2x.png */ = {isa = PBXFileReference; lastKnownFileType = image.png; path = "m11_selected@2x.png"; sourceTree = "<group>"; };
		AEDB0C241BC2A92600D3DB55 /* navigationbar_background.png */ = {isa = PBXFileReference; lastKnownFileType = image.png; path = navigationbar_background.png; sourceTree = "<group>"; };
		AEDB0C251BC2A92600D3DB55 /* navigationbar_background@2x.png */ = {isa = PBXFileReference; lastKnownFileType = image.png; path = "navigationbar_background@2x.png"; sourceTree = "<group>"; };
		AEDB0C261BC2A92600D3DB55 /* navigationbar_background_tall.png */ = {isa = PBXFileReference; lastKnownFileType = image.png; path = navigationbar_background_tall.png; sourceTree = "<group>"; };
		AEDB0C271BC2A92600D3DB55 /* navigationbar_background_tall@2x.png */ = {isa = PBXFileReference; lastKnownFileType = image.png; path = "navigationbar_background_tall@2x.png"; sourceTree = "<group>"; };
		AEDB0C281BC2A92600D3DB55 /* second_normal.png */ = {isa = PBXFileReference; lastKnownFileType = image.png; path = second_normal.png; sourceTree = "<group>"; };
		AEDB0C291BC2A92600D3DB55 /* second_normal@2x.png */ = {isa = PBXFileReference; lastKnownFileType = image.png; path = "second_normal@2x.png"; sourceTree = "<group>"; };
		AEDB0C2A1BC2A92600D3DB55 /* second_selected.png */ = {isa = PBXFileReference; lastKnownFileType = image.png; path = second_selected.png; sourceTree = "<group>"; };
		AEDB0C2B1BC2A92600D3DB55 /* second_selected@2x.png */ = {isa = PBXFileReference; lastKnownFileType = image.png; path = "second_selected@2x.png"; sourceTree = "<group>"; };
		AEDB0C2C1BC2A92600D3DB55 /* tabbar_normal_background.png */ = {isa = PBXFileReference; lastKnownFileType = image.png; path = tabbar_normal_background.png; sourceTree = "<group>"; };
		AEDB0C2D1BC2A92600D3DB55 /* tabbar_normal_background@2x.png */ = {isa = PBXFileReference; lastKnownFileType = image.png; path = "tabbar_normal_background@2x.png"; sourceTree = "<group>"; };
		AEDB0C2E1BC2A92600D3DB55 /* tabbar_selected_background.png */ = {isa = PBXFileReference; lastKnownFileType = image.png; path = tabbar_selected_background.png; sourceTree = "<group>"; };
		AEDB0C2F1BC2A92600D3DB55 /* tabbar_selected_background@2x.png */ = {isa = PBXFileReference; lastKnownFileType = image.png; path = "tabbar_selected_background@2x.png"; sourceTree = "<group>"; };
		AEDB0C301BC2A92600D3DB55 /* third_normal.png */ = {isa = PBXFileReference; lastKnownFileType = image.png; path = third_normal.png; sourceTree = "<group>"; };
		AEDB0C311BC2A92600D3DB55 /* third_normal@2x.png */ = {isa = PBXFileReference; lastKnownFileType = image.png; path = "third_normal@2x.png"; sourceTree = "<group>"; };
		AEDB0C321BC2A92600D3DB55 /* third_selected.png */ = {isa = PBXFileReference; lastKnownFileType = image.png; path = third_selected.png; sourceTree = "<group>"; };
		AEDB0C331BC2A92600D3DB55 /* third_selected@2x.png */ = {isa = PBXFileReference; lastKnownFileType = image.png; path = "third_selected@2x.png"; sourceTree = "<group>"; };
		AEDB0C361BC2A92600D3DB55 /* v11_selected@2x.png */ = {isa = PBXFileReference; lastKnownFileType = image.png; path = "v11_selected@2x.png"; sourceTree = "<group>"; };
		AEDB0C371BC2A92600D3DB55 /* v11_selected.png */ = {isa = PBXFileReference; lastKnownFileType = image.png; path = v11_selected.png; sourceTree = "<group>"; };
		AEDB0C3A1BC2A92600D3DB55 /* v11_normal.png */ = {isa = PBXFileReference; lastKnownFileType = image.png; path = v11_normal.png; sourceTree = "<group>"; };
		AEDB0C3B1BC2A92600D3DB55 /* v11_normal@2x.png */ = {isa = PBXFileReference; lastKnownFileType = image.png; path = "v11_normal@2x.png"; sourceTree = "<group>"; };
		AEDB0C691BC2ADB600D3DB55 /* Icon-60.png */ = {isa = PBXFileReference; lastKnownFileType = image.png; path = "Icon-60.png"; sourceTree = "<group>"; };
		AEDB0C6A1BC2ADB600D3DB55 /* Icon-72.png */ = {isa = PBXFileReference; lastKnownFileType = image.png; path = "Icon-72.png"; sourceTree = "<group>"; };
		AEDB0C6B1BC2ADB600D3DB55 /* Icon-72@2x.png */ = {isa = PBXFileReference; lastKnownFileType = image.png; path = "Icon-72@2x.png"; sourceTree = "<group>"; };
		AEDB0C6C1BC2ADB600D3DB55 /* Icon-Small-50.png */ = {isa = PBXFileReference; lastKnownFileType = image.png; path = "Icon-Small-50.png"; sourceTree = "<group>"; };
		AEDB0C6D1BC2ADB600D3DB55 /* Icon-Small-50@2x.png */ = {isa = PBXFileReference; lastKnownFileType = image.png; path = "Icon-Small-50@2x.png"; sourceTree = "<group>"; };
		AEDB0C6E1BC2ADB600D3DB55 /* Icon.png */ = {isa = PBXFileReference; lastKnownFileType = image.png; path = Icon.png; sourceTree = "<group>"; };
		AEDB0C6F1BC2ADB600D3DB55 /* Icon@2x.png */ = {isa = PBXFileReference; lastKnownFileType = image.png; path = "Icon@2x.png"; sourceTree = "<group>"; };
		AEDB0C701BC2ADB600D3DB55 /* iTunesArtwork.png */ = {isa = PBXFileReference; lastKnownFileType = image.png; path = iTunesArtwork.png; sourceTree = "<group>"; };
		AEDB0C711BC2ADB600D3DB55 /* iTunesArtwork@2x.png */ = {isa = PBXFileReference; lastKnownFileType = image.png; path = "iTunesArtwork@2x.png"; sourceTree = "<group>"; };
		ED12BBF4C53B1A63B09AA0A5 /* Pods-6labusa.debug.xcconfig */ = {isa = PBXFileReference; includeInIndex = 1; lastKnownFileType = text.xcconfig; name = "Pods-6labusa.debug.xcconfig"; path = "Pods/Target Support Files/Pods-6labusa/Pods-6labusa.debug.xcconfig"; sourceTree = "<group>"; };
/* End PBXFileReference section */

/* Begin PBXFrameworksBuildPhase section */
		AE8127A11BB53BCD008355BA /* Frameworks */ = {
			isa = PBXFrameworksBuildPhase;
			buildActionMask = 2147483647;
			files = (
				AE3B8E3F1BC52C6000C2B467 /* MapKit.framework in Frameworks */,
				AE3B8E3D1BC52C5900C2B467 /* CoreLocation.framework in Frameworks */,
				AE1F36441BB936A800B0EE2F /* FBSDKLoginKit.framework in Frameworks */,
				AE1F36421BB9338A00B0EE2F /* FBSDKCoreKit.framework in Frameworks */,
				CAE049A8B52C839376972AEA /* libPods-6labusa.a in Frameworks */,
			);
			runOnlyForDeploymentPostprocessing = 0;
		};
/* End PBXFrameworksBuildPhase section */

/* Begin PBXGroup section */
		AE0E4E261BBA7C770065E9EA /* Slider */ = {
			isa = PBXGroup;
			children = (
				AE0E4E2B1BBA7D000065E9EA /* leftmenu */,
				AE0E4E321BBA7D920065E9EA /* tbl.h */,
				AE0E4E331BBA7D920065E9EA /* tbl.m */,
			);
			path = Slider;
			sourceTree = "<group>";
		};
		AE0E4E2B1BBA7D000065E9EA /* leftmenu */ = {
			isa = PBXGroup;
			children = (
				AE0E4E2F1BBA7D190065E9EA /* leftmenu.h */,
				AE0E4E301BBA7D190065E9EA /* leftmenu.m */,
			);
			path = leftmenu;
			sourceTree = "<group>";
		};
		AE1F35F81BB92C9400B0EE2F /* TwitterOAuthViewController */ = {
			isa = PBXGroup;
			children = (
				AE1F35F91BB92C9400B0EE2F /* oauthconsumer */,
				AE1F36241BB92C9400B0EE2F /* TwitterOAuthViewController.h */,
				AE1F36251BB92C9400B0EE2F /* TwitterOAuthViewController.m */,
			);
			path = TwitterOAuthViewController;
			sourceTree = "<group>";
		};
		AE1F35F91BB92C9400B0EE2F /* oauthconsumer */ = {
			isa = PBXGroup;
			children = (
				AE1F35FA1BB92C9400B0EE2F /* Categories */,
				AE1F36011BB92C9400B0EE2F /* Crypto */,
				AE1F36081BB92C9400B0EE2F /* OAAttachment.h */,
				AE1F36091BB92C9400B0EE2F /* OAAttachment.m */,
				AE1F360A1BB92C9400B0EE2F /* OACall.h */,
				AE1F360B1BB92C9400B0EE2F /* OACall.m */,
				AE1F360C1BB92C9400B0EE2F /* OAConsumer.h */,
				AE1F360D1BB92C9400B0EE2F /* OAConsumer.m */,
				AE1F360E1BB92C9400B0EE2F /* OADataFetcher.h */,
				AE1F360F1BB92C9400B0EE2F /* OADataFetcher.m */,
				AE1F36101BB92C9400B0EE2F /* OAHMAC_SHA1SignatureProvider.h */,
				AE1F36111BB92C9400B0EE2F /* OAHMAC_SHA1SignatureProvider.m */,
				AE1F36121BB92C9400B0EE2F /* OAMutableURLRequest.h */,
				AE1F36131BB92C9400B0EE2F /* OAMutableURLRequest.m */,
				AE1F36141BB92C9400B0EE2F /* OAPlaintextSignatureProvider.h */,
				AE1F36151BB92C9400B0EE2F /* OAPlaintextSignatureProvider.m */,
				AE1F36161BB92C9400B0EE2F /* OAProblem.h */,
				AE1F36171BB92C9400B0EE2F /* OAProblem.m */,
				AE1F36181BB92C9400B0EE2F /* OARequestParameter.h */,
				AE1F36191BB92C9400B0EE2F /* OARequestParameter.m */,
				AE1F361A1BB92C9400B0EE2F /* OAServiceTicket.h */,
				AE1F361B1BB92C9400B0EE2F /* OAServiceTicket.m */,
				AE1F361C1BB92C9400B0EE2F /* OASignatureProviding.h */,
				AE1F361D1BB92C9400B0EE2F /* OATestServer.rb */,
				AE1F361E1BB92C9400B0EE2F /* OAToken.h */,
				AE1F361F1BB92C9400B0EE2F /* OAToken.m */,
				AE1F36201BB92C9400B0EE2F /* OATokenManager.h */,
				AE1F36211BB92C9400B0EE2F /* OATokenManager.m */,
				AE1F36221BB92C9400B0EE2F /* OAuthConsumer.h */,
				AE1F36231BB92C9400B0EE2F /* README */,
			);
			path = oauthconsumer;
			sourceTree = "<group>";
		};
		AE1F35FA1BB92C9400B0EE2F /* Categories */ = {
			isa = PBXGroup;
			children = (
				AE1F35FB1BB92C9400B0EE2F /* NSMutableURLRequest+Parameters.h */,
				AE1F35FC1BB92C9400B0EE2F /* NSMutableURLRequest+Parameters.m */,
				AE1F35FD1BB92C9400B0EE2F /* NSString+URLEncoding.h */,
				AE1F35FE1BB92C9400B0EE2F /* NSString+URLEncoding.m */,
				AE1F35FF1BB92C9400B0EE2F /* NSURL+Base.h */,
				AE1F36001BB92C9400B0EE2F /* NSURL+Base.m */,
			);
			path = Categories;
			sourceTree = "<group>";
		};
		AE1F36011BB92C9400B0EE2F /* Crypto */ = {
			isa = PBXGroup;
			children = (
				AE1F36021BB92C9400B0EE2F /* Base64Transcoder.c */,
				AE1F36031BB92C9400B0EE2F /* Base64Transcoder.h */,
				AE1F36041BB92C9400B0EE2F /* hmac.c */,
				AE1F36051BB92C9400B0EE2F /* hmac.h */,
				AE1F36061BB92C9400B0EE2F /* sha1.c */,
				AE1F36071BB92C9400B0EE2F /* sha1.h */,
			);
			path = Crypto;
			sourceTree = "<group>";
		};
		AE1F363E1BB9332E00B0EE2F /* Framework */ = {
			isa = PBXGroup;
			children = (
				AE1F36431BB936A800B0EE2F /* FBSDKLoginKit.framework */,
				AE1F36411BB9338A00B0EE2F /* FBSDKCoreKit.framework */,
			);
			path = Framework;
			sourceTree = "<group>";
		};
		AE1F365F1BB966B900B0EE2F /* Utilities */ = {
			isa = PBXGroup;
			children = (
				AE3B8E401BC52F0900C2B467 /* MapPoint */,
				AE1F36601BB966B900B0EE2F /* SharedObject */,
			);
			path = Utilities;
			sourceTree = "<group>";
		};
		AE1F36601BB966B900B0EE2F /* SharedObject */ = {
			isa = PBXGroup;
			children = (
				AE1F36611BB966CF00B0EE2F /* sharedobject.h */,
				AE1F36621BB966CF00B0EE2F /* sharedobject.m */,
			);
			path = SharedObject;
			sourceTree = "<group>";
		};
		AE3B8E401BC52F0900C2B467 /* MapPoint */ = {
			isa = PBXGroup;
			children = (
				AE3B8E411BC52F0900C2B467 /* MapPoint.h */,
				AE3B8E421BC52F0900C2B467 /* MapPoint.m */,
			);
			path = MapPoint;
			sourceTree = "<group>";
		};
		AE3B8E441BC5415E00C2B467 /* Blog */ = {
			isa = PBXGroup;
			children = (
				AE3B8E451BC5415E00C2B467 /* blog.h */,
				AE3B8E461BC5415E00C2B467 /* blog.m */,
			);
			path = Blog;
			sourceTree = "<group>";
		};
		AE3B8E481BC546BF00C2B467 /* NearMosque */ = {
			isa = PBXGroup;
			children = (
				AE3B8E491BC546D700C2B467 /* nearmosque.h */,
				AE3B8E4A1BC546D700C2B467 /* nearmosque.m */,
			);
			path = NearMosque;
			sourceTree = "<group>";
		};
		AE81279B1BB53BCD008355BA = {
			isa = PBXGroup;
			children = (
				AE8127A61BB53BCD008355BA /* 6labusa */,
				AE8127A51BB53BCD008355BA /* Products */,
				FFF9EF1515CD031B3D5FB2F7 /* Pods */,
				B56614CC9FD574A350DDB046 /* Frameworks */,
			);
			sourceTree = "<group>";
		};
		AE8127A51BB53BCD008355BA /* Products */ = {
			isa = PBXGroup;
			children = (
				AE8127A41BB53BCD008355BA /* 6labusa.app */,
			);
			name = Products;
			sourceTree = "<group>";
		};
		AE8127A61BB53BCD008355BA /* 6labusa */ = {
			isa = PBXGroup;
			children = (
				AEDB0C681BC2ADB600D3DB55 /* AppIcon */,
				AEDB0BE51BC2960900D3DB55 /* images */,
				AE1F365F1BB966B900B0EE2F /* Utilities */,
				AE1F363E1BB9332E00B0EE2F /* Framework */,
				AE8127BE1BB53EDB008355BA /* Controller */,
				AE8127AA1BB53BCD008355BA /* AppDelegate.h */,
				AE8127AB1BB53BCD008355BA /* AppDelegate.m */,
				AED7F9701BC26F9800D13DE1 /* Default-568h@2x.png */,
				AED7F9711BC26F9800D13DE1 /* Default.png */,
				AED7F9721BC26F9800D13DE1 /* Default@2x.png */,
				AE8127AD1BB53BCD008355BA /* ViewController.h */,
				AE8127AE1BB53BCD008355BA /* ViewController.m */,
				AE8127B01BB53BCD008355BA /* Main.storyboard */,
				AE8127B31BB53BCD008355BA /* Assets.xcassets */,
				AE8127B51BB53BCD008355BA /* LaunchScreen.storyboard */,
				AE8127B81BB53BCD008355BA /* Info.plist */,
				AE8127A71BB53BCD008355BA /* Supporting Files */,
			);
			path = 6labusa;
			sourceTree = "<group>";
		};
		AE8127A71BB53BCD008355BA /* Supporting Files */ = {
			isa = PBXGroup;
			children = (
				AE8127A81BB53BCD008355BA /* main.m */,
			);
			name = "Supporting Files";
			sourceTree = "<group>";
		};
		AE8127BE1BB53EDB008355BA /* Controller */ = {
			isa = PBXGroup;
			children = (
				AED7F97C1BC272F700D13DE1 /* TabBarController */,
				AED749AD1BBBC22800E6EE8D /* CustomTabar */,
				AE0E4E261BBA7C770065E9EA /* Slider */,
				AE1F35F81BB92C9400B0EE2F /* TwitterOAuthViewController */,
				AE8127C31BB54920008355BA /* Constant */,
			);
			path = Controller;
			sourceTree = "<group>";
		};
		AE8127C31BB54920008355BA /* Constant */ = {
			isa = PBXGroup;
			children = (
				AE8127C41BB54920008355BA /* ConstantIdentifier.h */,
				AE8127C51BB54920008355BA /* ConstantIdentifier.m */,
			);
			path = Constant;
			sourceTree = "<group>";
		};
		AEBB24B81BC3C5C3008D1952 /* Product */ = {
			isa = PBXGroup;
			children = (
				AEBB24B91BC3C5C3008D1952 /* product.h */,
				AEBB24BA1BC3C5C3008D1952 /* product.m */,
				AEBB24BB1BC3C5C3008D1952 /* productdetail */,
			);
			path = Product;
			sourceTree = "<group>";
		};
		AEBB24BB1BC3C5C3008D1952 /* productdetail */ = {
			isa = PBXGroup;
			children = (
				AEBB24BC1BC3C5C3008D1952 /* productdetail.h */,
				AEBB24BD1BC3C5C3008D1952 /* productdetail.m */,
			);
			path = productdetail;
			sourceTree = "<group>";
		};
		AED749AD1BBBC22800E6EE8D /* CustomTabar */ = {
			isa = PBXGroup;
			children = (
				AEDB0C0F1BC2A92600D3DB55 /* images */,
				AECB77241BBBC83600F49A81 /* RDVTabBarItem.h */,
				AECB77251BBBC83600F49A81 /* RDVTabBarItem.m */,
				AECB77261BBBC83600F49A81 /* RDVTabBar.h */,
				AECB77271BBBC83600F49A81 /* RDVTabBar.m */,
				AECB77281BBBC83600F49A81 /* RDVTabBarController.h */,
				AECB77291BBBC83600F49A81 /* RDVTabBarController.m */,
			);
			path = CustomTabar;
			sourceTree = "<group>";
		};
		AED7F97C1BC272F700D13DE1 /* TabBarController */ = {
			isa = PBXGroup;
			children = (
				AED7FA4A1BC273C400D13DE1 /* Home */,
				AED7F97D1BC272F700D13DE1 /* Account */,
				AED7F9871BC272F700D13DE1 /* Category */,
				AED7F9891BC272F700D13DE1 /* Mosque */,
				AED7F98A1BC272F700D13DE1 /* Vendor */,
			);
			path = TabBarController;
			sourceTree = "<group>";
		};
		AED7F97D1BC272F700D13DE1 /* Account */ = {
			isa = PBXGroup;
			children = (
				AEDB0BFA1BC2A57D00D3DB55 /* AccountCellViewContainer */,
				AED7F97E1BC272F700D13DE1 /* ForgetPassword */,
				AED7F9811BC272F700D13DE1 /* Login */,
				AED7F9841BC272F700D13DE1 /* Registration */,
				AEDB0BE21BC28CA000D3DB55 /* myaccount.h */,
				AEDB0BE31BC28CA000D3DB55 /* myaccount.m */,
			);
			path = Account;
			sourceTree = "<group>";
		};
		AED7F97E1BC272F700D13DE1 /* ForgetPassword */ = {
			isa = PBXGroup;
			children = (
				AED7F97F1BC272F700D13DE1 /* forgetpassword.h */,
				AED7F9801BC272F700D13DE1 /* forgetpassword.m */,
			);
			path = ForgetPassword;
			sourceTree = "<group>";
		};
		AED7F9811BC272F700D13DE1 /* Login */ = {
			isa = PBXGroup;
			children = (
				AED7F9821BC272F700D13DE1 /* login.h */,
				AED7F9831BC272F700D13DE1 /* login.m */,
			);
			path = Login;
			sourceTree = "<group>";
		};
		AED7F9841BC272F700D13DE1 /* Registration */ = {
			isa = PBXGroup;
			children = (
				AED7F9851BC272F700D13DE1 /* registration.h */,
				AED7F9861BC272F700D13DE1 /* registration.m */,
			);
			path = Registration;
			sourceTree = "<group>";
		};
		AED7F9871BC272F700D13DE1 /* Category */ = {
			isa = PBXGroup;
			children = (
				AEBB24B81BC3C5C3008D1952 /* Product */,
				AED7FA541BC2745700D13DE1 /* category.h */,
				AED7FA551BC2745700D13DE1 /* category.m */,
			);
			path = Category;
			sourceTree = "<group>";
		};
		AED7F9891BC272F700D13DE1 /* Mosque */ = {
			isa = PBXGroup;
			children = (
				AED7FA511BC2743500D13DE1 /* mosque.h */,
				AED7FA521BC2743500D13DE1 /* mosque.m */,
			);
			path = Mosque;
			sourceTree = "<group>";
		};
		AED7F98A1BC272F700D13DE1 /* Vendor */ = {
			isa = PBXGroup;
			children = (
				AED7FA4E1BC2741F00D13DE1 /* vendor.h */,
				AED7FA4F1BC2741F00D13DE1 /* vendor.m */,
			);
			path = Vendor;
			sourceTree = "<group>";
		};
		AED7FA4A1BC273C400D13DE1 /* Home */ = {
			isa = PBXGroup;
			children = (
				AE3B8E481BC546BF00C2B467 /* NearMosque */,
				AE3B8E441BC5415E00C2B467 /* Blog */,
				AED7FA4B1BC273C400D13DE1 /* home.h */,
				AED7FA4C1BC273C400D13DE1 /* home.m */,
			);
			path = Home;
			sourceTree = "<group>";
		};
		AEDB0BE51BC2960900D3DB55 /* images */ = {
			isa = PBXGroup;
			children = (
				AEDB0BE61BC2961C00D3DB55 /* category.jpg */,
				AEDB0BE71BC2961C00D3DB55 /* halalmeat.jpg */,
				AEDB0BE81BC2961C00D3DB55 /* home.jpg */,
				AEDB0BE91BC2961C00D3DB55 /* login.jpg */,
				AEDB0BEA1BC2961C00D3DB55 /* mosque.jpg */,
				AEDB0BEB1BC2961C00D3DB55 /* myaccount.jpg */,
				AEDB0BEC1BC2961C00D3DB55 /* product.jpg */,
				AEDB0BED1BC2961C00D3DB55 /* productdetails.jpg */,
				AEDB0BEE1BC2961C00D3DB55 /* register.jpg */,
				AEDB0BEF1BC2961C00D3DB55 /* shoppingcart.jpg */,
			);
			name = images;
			sourceTree = "<group>";
		};
		AEDB0BFA1BC2A57D00D3DB55 /* AccountCellViewContainer */ = {
			isa = PBXGroup;
			children = (
				AEDB0BFC1BC2A5D800D3DB55 /* ContactUs */,
				AEDB0BFD1BC2A5D800D3DB55 /* FAQ */,
				AEDB0BFE1BC2A5D800D3DB55 /* Policy */,
				AEDB0BFF1BC2A5D800D3DB55 /* TrackOrder */,
			);
			path = AccountCellViewContainer;
			sourceTree = "<group>";
		};
		AEDB0BFC1BC2A5D800D3DB55 /* ContactUs */ = {
			isa = PBXGroup;
			children = (
				AEDB0C031BC2A60200D3DB55 /* contactus.h */,
				AEDB0C041BC2A60200D3DB55 /* contactus.m */,
			);
			path = ContactUs;
			sourceTree = "<group>";
		};
		AEDB0BFD1BC2A5D800D3DB55 /* FAQ */ = {
			isa = PBXGroup;
			children = (
				AEDB0C061BC2A61500D3DB55 /* faq.h */,
				AEDB0C071BC2A61500D3DB55 /* faq.m */,
			);
			path = FAQ;
			sourceTree = "<group>";
		};
		AEDB0BFE1BC2A5D800D3DB55 /* Policy */ = {
			isa = PBXGroup;
			children = (
				AEDB0C091BC2A62600D3DB55 /* policy.h */,
				AEDB0C0A1BC2A62600D3DB55 /* policy.m */,
			);
			path = Policy;
			sourceTree = "<group>";
		};
		AEDB0BFF1BC2A5D800D3DB55 /* TrackOrder */ = {
			isa = PBXGroup;
			children = (
				AEDB0C0C1BC2A63A00D3DB55 /* trackorder.h */,
				AEDB0C0D1BC2A63A00D3DB55 /* trackorder.m */,
			);
			path = TrackOrder;
			sourceTree = "<group>";
		};
		AEDB0C0F1BC2A92600D3DB55 /* images */ = {
			isa = PBXGroup;
			children = (
				AEDB0C121BC2A92600D3DB55 /* A11_selected.png */,
				AEDB0C131BC2A92600D3DB55 /* A11_selected@2x.png */,
				AEDB0C141BC2A92600D3DB55 /* A11_normal.png */,
				AEDB0C151BC2A92600D3DB55 /* A11_normal@2x.png */,
				AEDB0C181BC2A92600D3DB55 /* first_normal.png */,
				AEDB0C191BC2A92600D3DB55 /* first_normal@2x.png */,
				AEDB0C1A1BC2A92600D3DB55 /* first_selected.png */,
				AEDB0C1B1BC2A92600D3DB55 /* first_selected@2x.png */,
				AEDB0C1E1BC2A92600D3DB55 /* m11_normal.png */,
				AEDB0C1F1BC2A92600D3DB55 /* m11_normal@2x.png */,
				AEDB0C201BC2A92600D3DB55 /* m11_selected.png */,
				AEDB0C211BC2A92600D3DB55 /* m11_selected@2x.png */,
				AEDB0C241BC2A92600D3DB55 /* navigationbar_background.png */,
				AEDB0C251BC2A92600D3DB55 /* navigationbar_background@2x.png */,
				AEDB0C261BC2A92600D3DB55 /* navigationbar_background_tall.png */,
				AEDB0C271BC2A92600D3DB55 /* navigationbar_background_tall@2x.png */,
				AEDB0C281BC2A92600D3DB55 /* second_normal.png */,
				AEDB0C291BC2A92600D3DB55 /* second_normal@2x.png */,
				AEDB0C2A1BC2A92600D3DB55 /* second_selected.png */,
				AEDB0C2B1BC2A92600D3DB55 /* second_selected@2x.png */,
				AEDB0C2C1BC2A92600D3DB55 /* tabbar_normal_background.png */,
				AEDB0C2D1BC2A92600D3DB55 /* tabbar_normal_background@2x.png */,
				AEDB0C2E1BC2A92600D3DB55 /* tabbar_selected_background.png */,
				AEDB0C2F1BC2A92600D3DB55 /* tabbar_selected_background@2x.png */,
				AEDB0C301BC2A92600D3DB55 /* third_normal.png */,
				AEDB0C311BC2A92600D3DB55 /* third_normal@2x.png */,
				AEDB0C321BC2A92600D3DB55 /* third_selected.png */,
				AEDB0C331BC2A92600D3DB55 /* third_selected@2x.png */,
				AEDB0C361BC2A92600D3DB55 /* v11_selected@2x.png */,
				AEDB0C371BC2A92600D3DB55 /* v11_selected.png */,
				AEDB0C3A1BC2A92600D3DB55 /* v11_normal.png */,
				AEDB0C3B1BC2A92600D3DB55 /* v11_normal@2x.png */,
			);
			path = images;
			sourceTree = "<group>";
		};
		AEDB0C681BC2ADB600D3DB55 /* AppIcon */ = {
			isa = PBXGroup;
			children = (
				AEDB0C691BC2ADB600D3DB55 /* Icon-60.png */,
				AEDB0C6A1BC2ADB600D3DB55 /* Icon-72.png */,
				AEDB0C6B1BC2ADB600D3DB55 /* Icon-72@2x.png */,
				AEDB0C6C1BC2ADB600D3DB55 /* Icon-Small-50.png */,
				AEDB0C6D1BC2ADB600D3DB55 /* Icon-Small-50@2x.png */,
				AEDB0C6E1BC2ADB600D3DB55 /* Icon.png */,
				AEDB0C6F1BC2ADB600D3DB55 /* Icon@2x.png */,
				AEDB0C701BC2ADB600D3DB55 /* iTunesArtwork.png */,
				AEDB0C711BC2ADB600D3DB55 /* iTunesArtwork@2x.png */,
			);
			path = AppIcon;
			sourceTree = "<group>";
		};
		B56614CC9FD574A350DDB046 /* Frameworks */ = {
			isa = PBXGroup;
			children = (
				AE3B8E3E1BC52C6000C2B467 /* MapKit.framework */,
				AE3B8E3C1BC52C5900C2B467 /* CoreLocation.framework */,
				A80C2A0A6D0C6AFDC1B9CF99 /* libPods-6labusa.a */,
			);
			name = Frameworks;
			sourceTree = "<group>";
		};
		FFF9EF1515CD031B3D5FB2F7 /* Pods */ = {
			isa = PBXGroup;
			children = (
				ED12BBF4C53B1A63B09AA0A5 /* Pods-6labusa.debug.xcconfig */,
				75C4FB7CBDAE97AF79E61EDC /* Pods-6labusa.release.xcconfig */,
			);
			name = Pods;
			sourceTree = "<group>";
		};
/* End PBXGroup section */

/* Begin PBXNativeTarget section */
		AE8127A31BB53BCD008355BA /* 6labusa */ = {
			isa = PBXNativeTarget;
			buildConfigurationList = AE8127BB1BB53BCD008355BA /* Build configuration list for PBXNativeTarget "6labusa" */;
			buildPhases = (
				62B013E5D846AEA834CF34C3 /* Check Pods Manifest.lock */,
				AE8127A01BB53BCD008355BA /* Sources */,
				AE8127A11BB53BCD008355BA /* Frameworks */,
				AE8127A21BB53BCD008355BA /* Resources */,
				89269BB646A46EC4A530B0CA /* Copy Pods Resources */,
			);
			buildRules = (
			);
			dependencies = (
			);
			name = 6labusa;
			productName = 6labusa;
			productReference = AE8127A41BB53BCD008355BA /* 6labusa.app */;
			productType = "com.apple.product-type.application";
		};
/* End PBXNativeTarget section */

/* Begin PBXProject section */
		AE81279C1BB53BCD008355BA /* Project object */ = {
			isa = PBXProject;
			attributes = {
				LastUpgradeCheck = 0700;
				ORGANIZATIONNAME = Nicole;
				TargetAttributes = {
					AE8127A31BB53BCD008355BA = {
						CreatedOnToolsVersion = 7.0;
						DevelopmentTeam = 2W69GQ25H3;
					};
				};
			};
			buildConfigurationList = AE81279F1BB53BCD008355BA /* Build configuration list for PBXProject "6labusa" */;
			compatibilityVersion = "Xcode 3.2";
			developmentRegion = English;
			hasScannedForEncodings = 0;
			knownRegions = (
				en,
				Base,
			);
			mainGroup = AE81279B1BB53BCD008355BA;
			productRefGroup = AE8127A51BB53BCD008355BA /* Products */;
			projectDirPath = "";
			projectRoot = "";
			targets = (
				AE8127A31BB53BCD008355BA /* 6labusa */,
			);
		};
/* End PBXProject section */

/* Begin PBXResourcesBuildPhase section */
		AE8127A21BB53BCD008355BA /* Resources */ = {
			isa = PBXResourcesBuildPhase;
			buildActionMask = 2147483647;
			files = (
				AEDB0BF81BC2961C00D3DB55 /* register.jpg in Resources */,
				AE1F36391BB92C9400B0EE2F /* README in Resources */,
				AE1F36361BB92C9400B0EE2F /* OATestServer.rb in Resources */,
				AEDB0BF51BC2961C00D3DB55 /* myaccount.jpg in Resources */,
				AE8127B71BB53BCD008355BA /* LaunchScreen.storyboard in Resources */,
				AEDB0C4A1BC2A92600D3DB55 /* m11_normal.png in Resources */,
				AEDB0C3F1BC2A92600D3DB55 /* A11_selected@2x.png in Resources */,
				AEDB0C511BC2A92600D3DB55 /* navigationbar_background@2x.png in Resources */,
				AEDB0C671BC2A92600D3DB55 /* v11_normal@2x.png in Resources */,
				AEDB0C731BC2ADB600D3DB55 /* Icon-72.png in Resources */,
				AEDB0C791BC2ADB600D3DB55 /* iTunesArtwork.png in Resources */,
				AED7F9731BC26F9800D13DE1 /* Default-568h@2x.png in Resources */,
				AEDB0C5A1BC2A92600D3DB55 /* tabbar_selected_background.png in Resources */,
				AEDB0C771BC2ADB600D3DB55 /* Icon.png in Resources */,
				AEDB0C531BC2A92600D3DB55 /* navigationbar_background_tall@2x.png in Resources */,
				AEDB0C4D1BC2A92600D3DB55 /* m11_selected@2x.png in Resources */,
				AED7F9741BC26F9800D13DE1 /* Default.png in Resources */,
				AEDB0C661BC2A92600D3DB55 /* v11_normal.png in Resources */,
				AED7F9751BC26F9800D13DE1 /* Default@2x.png in Resources */,
				AEDB0BF71BC2961C00D3DB55 /* productdetails.jpg in Resources */,
				AEDB0C471BC2A92600D3DB55 /* first_selected@2x.png in Resources */,
				AEDB0C571BC2A92600D3DB55 /* second_selected@2x.png in Resources */,
				AEDB0C581BC2A92600D3DB55 /* tabbar_normal_background.png in Resources */,
				AEDB0C461BC2A92600D3DB55 /* first_selected.png in Resources */,
				AEDB0C541BC2A92600D3DB55 /* second_normal.png in Resources */,
				AEDB0C621BC2A92600D3DB55 /* v11_selected@2x.png in Resources */,
				AEDB0C401BC2A92600D3DB55 /* A11_normal.png in Resources */,
				AEDB0C521BC2A92600D3DB55 /* navigationbar_background_tall.png in Resources */,
				AE8127B41BB53BCD008355BA /* Assets.xcassets in Resources */,
				AEDB0C7A1BC2ADB600D3DB55 /* iTunesArtwork@2x.png in Resources */,
				AEDB0BF31BC2961C00D3DB55 /* login.jpg in Resources */,
				AEDB0C5D1BC2A92600D3DB55 /* third_normal@2x.png in Resources */,
				AEDB0C5B1BC2A92600D3DB55 /* tabbar_selected_background@2x.png in Resources */,
				AEDB0C4C1BC2A92600D3DB55 /* m11_selected.png in Resources */,
				AEDB0C551BC2A92600D3DB55 /* second_normal@2x.png in Resources */,
				AEDB0C761BC2ADB600D3DB55 /* Icon-Small-50@2x.png in Resources */,
				AEDB0C781BC2ADB600D3DB55 /* Icon@2x.png in Resources */,
				AEDB0C5F1BC2A92600D3DB55 /* third_selected@2x.png in Resources */,
				AEDB0C561BC2A92600D3DB55 /* second_selected.png in Resources */,
				AEDB0C4B1BC2A92600D3DB55 /* m11_normal@2x.png in Resources */,
				AEDB0C451BC2A92600D3DB55 /* first_normal@2x.png in Resources */,
				AEDB0C441BC2A92600D3DB55 /* first_normal.png in Resources */,
				AEDB0BF01BC2961C00D3DB55 /* category.jpg in Resources */,
				AEDB0C411BC2A92600D3DB55 /* A11_normal@2x.png in Resources */,
				AEDB0C751BC2ADB600D3DB55 /* Icon-Small-50.png in Resources */,
				AEDB0C3E1BC2A92600D3DB55 /* A11_selected.png in Resources */,
				AEDB0C5E1BC2A92600D3DB55 /* third_selected.png in Resources */,
				AE8127B21BB53BCD008355BA /* Main.storyboard in Resources */,
				AEDB0C5C1BC2A92600D3DB55 /* third_normal.png in Resources */,
				AEDB0BF41BC2961C00D3DB55 /* mosque.jpg in Resources */,
				AEDB0C501BC2A92600D3DB55 /* navigationbar_background.png in Resources */,
				AEDB0BF11BC2961C00D3DB55 /* halalmeat.jpg in Resources */,
				AEDB0BF21BC2961C00D3DB55 /* home.jpg in Resources */,
				AEDB0BF91BC2961C00D3DB55 /* shoppingcart.jpg in Resources */,
				AEDB0C741BC2ADB600D3DB55 /* Icon-72@2x.png in Resources */,
				AEDB0BF61BC2961C00D3DB55 /* product.jpg in Resources */,
				AEDB0C591BC2A92600D3DB55 /* tabbar_normal_background@2x.png in Resources */,
				AEDB0C631BC2A92600D3DB55 /* v11_selected.png in Resources */,
				AEDB0C721BC2ADB600D3DB55 /* Icon-60.png in Resources */,
			);
			runOnlyForDeploymentPostprocessing = 0;
		};
/* End PBXResourcesBuildPhase section */

/* Begin PBXShellScriptBuildPhase section */
		62B013E5D846AEA834CF34C3 /* Check Pods Manifest.lock */ = {
			isa = PBXShellScriptBuildPhase;
			buildActionMask = 2147483647;
			files = (
			);
			inputPaths = (
			);
			name = "Check Pods Manifest.lock";
			outputPaths = (
			);
			runOnlyForDeploymentPostprocessing = 0;
			shellPath = /bin/sh;
			shellScript = "diff \"${PODS_ROOT}/../Podfile.lock\" \"${PODS_ROOT}/Manifest.lock\" > /dev/null\nif [[ $? != 0 ]] ; then\n    cat << EOM\nerror: The sandbox is not in sync with the Podfile.lock. Run 'pod install' or update your CocoaPods installation.\nEOM\n    exit 1\nfi\n";
			showEnvVarsInLog = 0;
		};
		89269BB646A46EC4A530B0CA /* Copy Pods Resources */ = {
			isa = PBXShellScriptBuildPhase;
			buildActionMask = 2147483647;
			files = (
			);
			inputPaths = (
			);
			name = "Copy Pods Resources";
			outputPaths = (
			);
			runOnlyForDeploymentPostprocessing = 0;
			shellPath = /bin/sh;
			shellScript = "\"${SRCROOT}/Pods/Target Support Files/Pods-6labusa/Pods-6labusa-resources.sh\"\n";
			showEnvVarsInLog = 0;
		};
/* End PBXShellScriptBuildPhase section */

/* Begin PBXSourcesBuildPhase section */
		AE8127A01BB53BCD008355BA /* Sources */ = {
			isa = PBXSourcesBuildPhase;
			buildActionMask = 2147483647;
			files = (
				AE1F362A1BB92C9400B0EE2F /* hmac.c in Sources */,
				AE8127C61BB54920008355BA /* ConstantIdentifier.m in Sources */,
				AE1F363A1BB92C9400B0EE2F /* TwitterOAuthViewController.m in Sources */,
				AE1F36281BB92C9400B0EE2F /* NSURL+Base.m in Sources */,
				AE1F362D1BB92C9400B0EE2F /* OACall.m in Sources */,
				AE8127AF1BB53BCD008355BA /* ViewController.m in Sources */,
				AE1F36381BB92C9400B0EE2F /* OATokenManager.m in Sources */,
				AE1F36321BB92C9400B0EE2F /* OAPlaintextSignatureProvider.m in Sources */,
				AEDB0BE41BC28CA000D3DB55 /* myaccount.m in Sources */,
				AE8127AC1BB53BCD008355BA /* AppDelegate.m in Sources */,
				AE1F36311BB92C9400B0EE2F /* OAMutableURLRequest.m in Sources */,
				AEDB0C0E1BC2A63A00D3DB55 /* trackorder.m in Sources */,
				AEDB0C081BC2A61500D3DB55 /* faq.m in Sources */,
				AE3B8E431BC52F0900C2B467 /* MapPoint.m in Sources */,
				AED7FA4D1BC273C400D13DE1 /* home.m in Sources */,
				AED7FA531BC2743500D13DE1 /* mosque.m in Sources */,
				AEBB24BE1BC3C5C3008D1952 /* product.m in Sources */,
				AE8127A91BB53BCD008355BA /* main.m in Sources */,
				AE1F36341BB92C9400B0EE2F /* OARequestParameter.m in Sources */,
				AED7FA501BC2741F00D13DE1 /* vendor.m in Sources */,
				AE1F362B1BB92C9400B0EE2F /* sha1.c in Sources */,
				AECB772C1BBBC83600F49A81 /* RDVTabBarController.m in Sources */,
				AE1F36371BB92C9400B0EE2F /* OAToken.m in Sources */,
				AE1F36261BB92C9400B0EE2F /* NSMutableURLRequest+Parameters.m in Sources */,
				AE1F36631BB966CF00B0EE2F /* sharedobject.m in Sources */,
				AE1F36351BB92C9400B0EE2F /* OAServiceTicket.m in Sources */,
				AEBB24BF1BC3C5C3008D1952 /* productdetail.m in Sources */,
				AECB772B1BBBC83600F49A81 /* RDVTabBar.m in Sources */,
				AE1F362F1BB92C9400B0EE2F /* OADataFetcher.m in Sources */,
				AEDB0C051BC2A60200D3DB55 /* contactus.m in Sources */,
				AE3B8E471BC5415E00C2B467 /* blog.m in Sources */,
				AE1F36331BB92C9400B0EE2F /* OAProblem.m in Sources */,
				AED7FA561BC2745700D13DE1 /* category.m in Sources */,
				AE1F362E1BB92C9400B0EE2F /* OAConsumer.m in Sources */,
				AE1F36301BB92C9400B0EE2F /* OAHMAC_SHA1SignatureProvider.m in Sources */,
				AE3B8E4B1BC546D700C2B467 /* nearmosque.m in Sources */,
				AE1F36271BB92C9400B0EE2F /* NSString+URLEncoding.m in Sources */,
				AE0E4E341BBA7D920065E9EA /* tbl.m in Sources */,
				AE1F36291BB92C9400B0EE2F /* Base64Transcoder.c in Sources */,
				AED7F98B1BC272F700D13DE1 /* forgetpassword.m in Sources */,
				AED7F98D1BC272F700D13DE1 /* registration.m in Sources */,
				AEDB0C0B1BC2A62600D3DB55 /* policy.m in Sources */,
				AED7F98C1BC272F700D13DE1 /* login.m in Sources */,
				AE0E4E311BBA7D190065E9EA /* leftmenu.m in Sources */,
				AECB772A1BBBC83600F49A81 /* RDVTabBarItem.m in Sources */,
				AE1F362C1BB92C9400B0EE2F /* OAAttachment.m in Sources */,
			);
			runOnlyForDeploymentPostprocessing = 0;
		};
/* End PBXSourcesBuildPhase section */

/* Begin PBXVariantGroup section */
		AE8127B01BB53BCD008355BA /* Main.storyboard */ = {
			isa = PBXVariantGroup;
			children = (
				AE8127B11BB53BCD008355BA /* Base */,
			);
			name = Main.storyboard;
			sourceTree = "<group>";
		};
		AE8127B51BB53BCD008355BA /* LaunchScreen.storyboard */ = {
			isa = PBXVariantGroup;
			children = (
				AE8127B61BB53BCD008355BA /* Base */,
			);
			name = LaunchScreen.storyboard;
			sourceTree = "<group>";
		};
/* End PBXVariantGroup section */

/* Begin XCBuildConfiguration section */
		AE8127B91BB53BCD008355BA /* Debug */ = {
			isa = XCBuildConfiguration;
			buildSettings = {
				ALWAYS_SEARCH_USER_PATHS = NO;
				CLANG_CXX_LANGUAGE_STANDARD = "gnu++0x";
				CLANG_CXX_LIBRARY = "libc++";
				CLANG_ENABLE_MODULES = YES;
				CLANG_ENABLE_OBJC_ARC = YES;
				CLANG_WARN_BOOL_CONVERSION = YES;
				CLANG_WARN_CONSTANT_CONVERSION = YES;
				CLANG_WARN_DIRECT_OBJC_ISA_USAGE = YES_ERROR;
				CLANG_WARN_EMPTY_BODY = YES;
				CLANG_WARN_ENUM_CONVERSION = YES;
				CLANG_WARN_INT_CONVERSION = YES;
				CLANG_WARN_OBJC_ROOT_CLASS = YES_ERROR;
				CLANG_WARN_UNREACHABLE_CODE = YES;
				CLANG_WARN__DUPLICATE_METHOD_MATCH = YES;
				CODE_SIGN_IDENTITY = "iPhone Distribution: Arunaw Kumar (2W69GQ25H3)";
				"CODE_SIGN_IDENTITY[sdk=iphoneos*]" = "iPhone Distribution: Arunaw Kumar (2W69GQ25H3)";
				COPY_PHASE_STRIP = NO;
				DEBUG_INFORMATION_FORMAT = dwarf;
				ENABLE_STRICT_OBJC_MSGSEND = YES;
				ENABLE_TESTABILITY = YES;
				GCC_C_LANGUAGE_STANDARD = gnu99;
				GCC_DYNAMIC_NO_PIC = NO;
				GCC_NO_COMMON_BLOCKS = YES;
				GCC_OPTIMIZATION_LEVEL = 0;
				GCC_PREPROCESSOR_DEFINITIONS = (
					"DEBUG=1",
					"$(inherited)",
				);
				GCC_WARN_64_TO_32_BIT_CONVERSION = YES;
				GCC_WARN_ABOUT_RETURN_TYPE = YES_ERROR;
				GCC_WARN_UNDECLARED_SELECTOR = YES;
				GCC_WARN_UNINITIALIZED_AUTOS = YES_AGGRESSIVE;
				GCC_WARN_UNUSED_FUNCTION = YES;
				GCC_WARN_UNUSED_VARIABLE = YES;
				IPHONEOS_DEPLOYMENT_TARGET = 8.1;
				MTL_ENABLE_DEBUG_INFO = YES;
				ONLY_ACTIVE_ARCH = YES;
				PROVISIONING_PROFILE = "96e2ecfd-ee91-4780-8474-46bf7a666d3e";
				SDKROOT = iphoneos;
			};
			name = Debug;
		};
		AE8127BA1BB53BCD008355BA /* Release */ = {
			isa = XCBuildConfiguration;
			buildSettings = {
				ALWAYS_SEARCH_USER_PATHS = NO;
				CLANG_CXX_LANGUAGE_STANDARD = "gnu++0x";
				CLANG_CXX_LIBRARY = "libc++";
				CLANG_ENABLE_MODULES = YES;
				CLANG_ENABLE_OBJC_ARC = YES;
				CLANG_WARN_BOOL_CONVERSION = YES;
				CLANG_WARN_CONSTANT_CONVERSION = YES;
				CLANG_WARN_DIRECT_OBJC_ISA_USAGE = YES_ERROR;
				CLANG_WARN_EMPTY_BODY = YES;
				CLANG_WARN_ENUM_CONVERSION = YES;
				CLANG_WARN_INT_CONVERSION = YES;
				CLANG_WARN_OBJC_ROOT_CLASS = YES_ERROR;
				CLANG_WARN_UNREACHABLE_CODE = YES;
				CLANG_WARN__DUPLICATE_METHOD_MATCH = YES;
				CODE_SIGN_IDENTITY = "iPhone Distribution: Arunaw Kumar (2W69GQ25H3)";
				"CODE_SIGN_IDENTITY[sdk=iphoneos*]" = "iPhone Distribution: Arunaw Kumar (2W69GQ25H3)";
				COPY_PHASE_STRIP = NO;
				DEBUG_INFORMATION_FORMAT = "dwarf-with-dsym";
				ENABLE_NS_ASSERTIONS = NO;
				ENABLE_STRICT_OBJC_MSGSEND = YES;
				GCC_C_LANGUAGE_STANDARD = gnu99;
				GCC_NO_COMMON_BLOCKS = YES;
				GCC_WARN_64_TO_32_BIT_CONVERSION = YES;
				GCC_WARN_ABOUT_RETURN_TYPE = YES_ERROR;
				GCC_WARN_UNDECLARED_SELECTOR = YES;
				GCC_WARN_UNINITIALIZED_AUTOS = YES_AGGRESSIVE;
				GCC_WARN_UNUSED_FUNCTION = YES;
				GCC_WARN_UNUSED_VARIABLE = YES;
				IPHONEOS_DEPLOYMENT_TARGET = 8.1;
				MTL_ENABLE_DEBUG_INFO = NO;
				PROVISIONING_PROFILE = "96e2ecfd-ee91-4780-8474-46bf7a666d3e";
				SDKROOT = iphoneos;
				VALIDATE_PRODUCT = YES;
			};
			name = Release;
		};
		AE8127BC1BB53BCD008355BA /* Debug */ = {
			isa = XCBuildConfiguration;
			baseConfigurationReference = ED12BBF4C53B1A63B09AA0A5 /* Pods-6labusa.debug.xcconfig */;
			buildSettings = {
				ASSETCATALOG_COMPILER_APPICON_NAME = AppIcon;
				CODE_SIGN_IDENTITY = "iPhone Distribution: Arunaw Kumar (2W69GQ25H3)";
				FRAMEWORK_SEARCH_PATHS = (
					"$(inherited)",
					"$(PROJECT_DIR)/6labusa",
					"$(PROJECT_DIR)/6labusa/Framework",
				);
				INFOPLIST_FILE = 6labusa/Info.plist;
				LD_RUNPATH_SEARCH_PATHS = "$(inherited) @executable_path/Frameworks";
				PRODUCT_BUNDLE_IDENTIFIER = nicole;
				PRODUCT_NAME = "$(TARGET_NAME)";
			};
			name = Debug;
		};
		AE8127BD1BB53BCD008355BA /* Release */ = {
			isa = XCBuildConfiguration;
			baseConfigurationReference = 75C4FB7CBDAE97AF79E61EDC /* Pods-6labusa.release.xcconfig */;
			buildSettings = {
				ASSETCATALOG_COMPILER_APPICON_NAME = AppIcon;
				CODE_SIGN_IDENTITY = "iPhone Distribution: Arunaw Kumar (2W69GQ25H3)";
				FRAMEWORK_SEARCH_PATHS = (
					"$(inherited)",
					"$(PROJECT_DIR)/6labusa",
					"$(PROJECT_DIR)/6labusa/Framework",
				);
				INFOPLIST_FILE = 6labusa/Info.plist;
				LD_RUNPATH_SEARCH_PATHS = "$(inherited) @executable_path/Frameworks";
				PRODUCT_BUNDLE_IDENTIFIER = nicole;
				PRODUCT_NAME = "$(TARGET_NAME)";
			};
			name = Release;
		};
		AED48F9C1BBC088D00C20155 /* Adhoc */ = {
			isa = XCBuildConfiguration;
			buildSettings = {
				ALWAYS_SEARCH_USER_PATHS = NO;
				CLANG_CXX_LANGUAGE_STANDARD = "gnu++0x";
				CLANG_CXX_LIBRARY = "libc++";
				CLANG_ENABLE_MODULES = YES;
				CLANG_ENABLE_OBJC_ARC = YES;
				CLANG_WARN_BOOL_CONVERSION = YES;
				CLANG_WARN_CONSTANT_CONVERSION = YES;
				CLANG_WARN_DIRECT_OBJC_ISA_USAGE = YES_ERROR;
				CLANG_WARN_EMPTY_BODY = YES;
				CLANG_WARN_ENUM_CONVERSION = YES;
				CLANG_WARN_INT_CONVERSION = YES;
				CLANG_WARN_OBJC_ROOT_CLASS = YES_ERROR;
				CLANG_WARN_UNREACHABLE_CODE = YES;
				CLANG_WARN__DUPLICATE_METHOD_MATCH = YES;
				CODE_SIGN_IDENTITY = "iPhone Distribution: Arunaw Kumar (2W69GQ25H3)";
				"CODE_SIGN_IDENTITY[sdk=iphoneos*]" = "iPhone Distribution: Arunaw Kumar (2W69GQ25H3)";
				COPY_PHASE_STRIP = NO;
				DEBUG_INFORMATION_FORMAT = dwarf;
				ENABLE_STRICT_OBJC_MSGSEND = YES;
				ENABLE_TESTABILITY = YES;
				GCC_C_LANGUAGE_STANDARD = gnu99;
				GCC_DYNAMIC_NO_PIC = NO;
				GCC_NO_COMMON_BLOCKS = YES;
				GCC_OPTIMIZATION_LEVEL = 0;
				GCC_PREPROCESSOR_DEFINITIONS = (
					"DEBUG=1",
					"$(inherited)",
				);
				GCC_WARN_64_TO_32_BIT_CONVERSION = YES;
				GCC_WARN_ABOUT_RETURN_TYPE = YES_ERROR;
				GCC_WARN_UNDECLARED_SELECTOR = YES;
				GCC_WARN_UNINITIALIZED_AUTOS = YES_AGGRESSIVE;
				GCC_WARN_UNUSED_FUNCTION = YES;
				GCC_WARN_UNUSED_VARIABLE = YES;
				IPHONEOS_DEPLOYMENT_TARGET = 8.1;
				MTL_ENABLE_DEBUG_INFO = YES;
				ONLY_ACTIVE_ARCH = YES;
				PROVISIONING_PROFILE = "96e2ecfd-ee91-4780-8474-46bf7a666d3e";
				SDKROOT = iphoneos;
			};
			name = Adhoc;
		};
		AED48F9D1BBC088D00C20155 /* Adhoc */ = {
			isa = XCBuildConfiguration;
			baseConfigurationReference = ED12BBF4C53B1A63B09AA0A5 /* Pods-6labusa.debug.xcconfig */;
			buildSettings = {
				ASSETCATALOG_COMPILER_APPICON_NAME = AppIcon;
				CODE_SIGN_IDENTITY = "iPhone Distribution: Arunaw Kumar (2W69GQ25H3)";
				FRAMEWORK_SEARCH_PATHS = (
					"$(inherited)",
					"$(PROJECT_DIR)/6labusa",
					"$(PROJECT_DIR)/6labusa/Framework",
				);
				INFOPLIST_FILE = 6labusa/Info.plist;
				LD_RUNPATH_SEARCH_PATHS = "$(inherited) @executable_path/Frameworks";
				PRODUCT_BUNDLE_IDENTIFIER = nicole;
				PRODUCT_NAME = "$(TARGET_NAME)";
			};
			name = Adhoc;
		};
/* End XCBuildConfiguration section */

/* Begin XCConfigurationList section */
		AE81279F1BB53BCD008355BA /* Build configuration list for PBXProject "6labusa" */ = {
			isa = XCConfigurationList;
			buildConfigurations = (
				AE8127B91BB53BCD008355BA /* Debug */,
				AED48F9C1BBC088D00C20155 /* Adhoc */,
				AE8127BA1BB53BCD008355BA /* Release */,
			);
			defaultConfigurationIsVisible = 0;
			defaultConfigurationName = Release;
		};
		AE8127BB1BB53BCD008355BA /* Build configuration list for PBXNativeTarget "6labusa" */ = {
			isa = XCConfigurationList;
			buildConfigurations = (
				AE8127BC1BB53BCD008355BA /* Debug */,
				AED48F9D1BBC088D00C20155 /* Adhoc */,
				AE8127BD1BB53BCD008355BA /* Release */,
			);
			defaultConfigurationIsVisible = 0;
			defaultConfigurationName = Release;
		};
/* End XCConfigurationList section */
	};
	rootObject = AE81279C1BB53BCD008355BA /* Project object */;
}
