// !$*UTF8*$!
{
	archiveVersion = 1;
	classes = {
	};
	objectVersion = 46;
	objects = {

/* Begin PBXBuildFile section */
		AE0E4E2E1BBA7D0C0065E9EA /* home.m in Sources */ = {isa = PBXBuildFile; fileRef = AE0E4E2D1BBA7D0C0065E9EA /* home.m */; settings = {ASSET_TAGS = (); }; };
		AE0E4E311BBA7D190065E9EA /* leftmenu.m in Sources */ = {isa = PBXBuildFile; fileRef = AE0E4E301BBA7D190065E9EA /* leftmenu.m */; settings = {ASSET_TAGS = (); }; };
		AE0E4E341BBA7D920065E9EA /* tbl.m in Sources */ = {isa = PBXBuildFile; fileRef = AE0E4E331BBA7D920065E9EA /* tbl.m */; settings = {ASSET_TAGS = (); }; };
		AE0E4E381BBA871D0065E9EA /* product.m in Sources */ = {isa = PBXBuildFile; fileRef = AE0E4E371BBA871D0065E9EA /* product.m */; settings = {ASSET_TAGS = (); }; };
		AE1F36261BB92C9400B0EE2F /* NSMutableURLRequest+Parameters.m in Sources */ = {isa = PBXBuildFile; fileRef = AE1F35FC1BB92C9400B0EE2F /* NSMutableURLRequest+Parameters.m */; settings = {ASSET_TAGS = (); }; };
		AE1F36271BB92C9400B0EE2F /* NSString+URLEncoding.m in Sources */ = {isa = PBXBuildFile; fileRef = AE1F35FE1BB92C9400B0EE2F /* NSString+URLEncoding.m */; settings = {ASSET_TAGS = (); }; };
		AE1F36281BB92C9400B0EE2F /* NSURL+Base.m in Sources */ = {isa = PBXBuildFile; fileRef = AE1F36001BB92C9400B0EE2F /* NSURL+Base.m */; settings = {ASSET_TAGS = (); }; };
		AE1F36291BB92C9400B0EE2F /* Base64Transcoder.c in Sources */ = {isa = PBXBuildFile; fileRef = AE1F36021BB92C9400B0EE2F /* Base64Transcoder.c */; settings = {ASSET_TAGS = (); }; };
		AE1F362A1BB92C9400B0EE2F /* hmac.c in Sources */ = {isa = PBXBuildFile; fileRef = AE1F36041BB92C9400B0EE2F /* hmac.c */; settings = {ASSET_TAGS = (); }; };
		AE1F362B1BB92C9400B0EE2F /* sha1.c in Sources */ = {isa = PBXBuildFile; fileRef = AE1F36061BB92C9400B0EE2F /* sha1.c */; settings = {ASSET_TAGS = (); }; };
		AE1F362C1BB92C9400B0EE2F /* OAAttachment.m in Sources */ = {isa = PBXBuildFile; fileRef = AE1F36091BB92C9400B0EE2F /* OAAttachment.m */; settings = {ASSET_TAGS = (); }; };
		AE1F362D1BB92C9400B0EE2F /* OACall.m in Sources */ = {isa = PBXBuildFile; fileRef = AE1F360B1BB92C9400B0EE2F /* OACall.m */; settings = {ASSET_TAGS = (); }; };
		AE1F362E1BB92C9400B0EE2F /* OAConsumer.m in Sources */ = {isa = PBXBuildFile; fileRef = AE1F360D1BB92C9400B0EE2F /* OAConsumer.m */; settings = {ASSET_TAGS = (); }; };
		AE1F362F1BB92C9400B0EE2F /* OADataFetcher.m in Sources */ = {isa = PBXBuildFile; fileRef = AE1F360F1BB92C9400B0EE2F /* OADataFetcher.m */; settings = {ASSET_TAGS = (); }; };
		AE1F36301BB92C9400B0EE2F /* OAHMAC_SHA1SignatureProvider.m in Sources */ = {isa = PBXBuildFile; fileRef = AE1F36111BB92C9400B0EE2F /* OAHMAC_SHA1SignatureProvider.m */; settings = {ASSET_TAGS = (); }; };
		AE1F36311BB92C9400B0EE2F /* OAMutableURLRequest.m in Sources */ = {isa = PBXBuildFile; fileRef = AE1F36131BB92C9400B0EE2F /* OAMutableURLRequest.m */; settings = {ASSET_TAGS = (); }; };
		AE1F36321BB92C9400B0EE2F /* OAPlaintextSignatureProvider.m in Sources */ = {isa = PBXBuildFile; fileRef = AE1F36151BB92C9400B0EE2F /* OAPlaintextSignatureProvider.m */; settings = {ASSET_TAGS = (); }; };
		AE1F36331BB92C9400B0EE2F /* OAProblem.m in Sources */ = {isa = PBXBuildFile; fileRef = AE1F36171BB92C9400B0EE2F /* OAProblem.m */; settings = {ASSET_TAGS = (); }; };
		AE1F36341BB92C9400B0EE2F /* OARequestParameter.m in Sources */ = {isa = PBXBuildFile; fileRef = AE1F36191BB92C9400B0EE2F /* OARequestParameter.m */; settings = {ASSET_TAGS = (); }; };
		AE1F36351BB92C9400B0EE2F /* OAServiceTicket.m in Sources */ = {isa = PBXBuildFile; fileRef = AE1F361B1BB92C9400B0EE2F /* OAServiceTicket.m */; settings = {ASSET_TAGS = (); }; };
		AE1F36361BB92C9400B0EE2F /* OATestServer.rb in Resources */ = {isa = PBXBuildFile; fileRef = AE1F361D1BB92C9400B0EE2F /* OATestServer.rb */; settings = {ASSET_TAGS = (); }; };
		AE1F36371BB92C9400B0EE2F /* OAToken.m in Sources */ = {isa = PBXBuildFile; fileRef = AE1F361F1BB92C9400B0EE2F /* OAToken.m */; settings = {ASSET_TAGS = (); }; };
		AE1F36381BB92C9400B0EE2F /* OATokenManager.m in Sources */ = {isa = PBXBuildFile; fileRef = AE1F36211BB92C9400B0EE2F /* OATokenManager.m */; settings = {ASSET_TAGS = (); }; };
		AE1F36391BB92C9400B0EE2F /* README in Resources */ = {isa = PBXBuildFile; fileRef = AE1F36231BB92C9400B0EE2F /* README */; settings = {ASSET_TAGS = (); }; };
		AE1F363A1BB92C9400B0EE2F /* TwitterOAuthViewController.m in Sources */ = {isa = PBXBuildFile; fileRef = AE1F36251BB92C9400B0EE2F /* TwitterOAuthViewController.m */; settings = {ASSET_TAGS = (); }; };
		AE1F36421BB9338A00B0EE2F /* FBSDKCoreKit.framework in Frameworks */ = {isa = PBXBuildFile; fileRef = AE1F36411BB9338A00B0EE2F /* FBSDKCoreKit.framework */; settings = {ASSET_TAGS = (); }; };
		AE1F36441BB936A800B0EE2F /* FBSDKLoginKit.framework in Frameworks */ = {isa = PBXBuildFile; fileRef = AE1F36431BB936A800B0EE2F /* FBSDKLoginKit.framework */; settings = {ASSET_TAGS = (); }; };
		AE1F36481BB94F2B00B0EE2F /* forgetpassword.m in Sources */ = {isa = PBXBuildFile; fileRef = AE1F36471BB94F2B00B0EE2F /* forgetpassword.m */; settings = {ASSET_TAGS = (); }; };
		AE1F364C1BB9548800B0EE2F /* registration.m in Sources */ = {isa = PBXBuildFile; fileRef = AE1F364B1BB9548800B0EE2F /* registration.m */; settings = {ASSET_TAGS = (); }; };
		AE1F365C1BB9645400B0EE2F /* Default-568h@2x.png in Resources */ = {isa = PBXBuildFile; fileRef = AE1F36591BB9645400B0EE2F /* Default-568h@2x.png */; settings = {ASSET_TAGS = (); }; };
		AE1F365D1BB9645400B0EE2F /* Default.png in Resources */ = {isa = PBXBuildFile; fileRef = AE1F365A1BB9645400B0EE2F /* Default.png */; settings = {ASSET_TAGS = (); }; };
		AE1F365E1BB9645400B0EE2F /* Default@2x.png in Resources */ = {isa = PBXBuildFile; fileRef = AE1F365B1BB9645400B0EE2F /* Default@2x.png */; settings = {ASSET_TAGS = (); }; };
		AE1F36631BB966CF00B0EE2F /* sharedobject.m in Sources */ = {isa = PBXBuildFile; fileRef = AE1F36621BB966CF00B0EE2F /* sharedobject.m */; settings = {ASSET_TAGS = (); }; };
		AE23505F1BBA8DB300FFB32B /* productdetail.m in Sources */ = {isa = PBXBuildFile; fileRef = AE23505E1BBA8DB300FFB32B /* productdetail.m */; settings = {ASSET_TAGS = (); }; };
		AE8127A91BB53BCD008355BA /* main.m in Sources */ = {isa = PBXBuildFile; fileRef = AE8127A81BB53BCD008355BA /* main.m */; };
		AE8127AC1BB53BCD008355BA /* AppDelegate.m in Sources */ = {isa = PBXBuildFile; fileRef = AE8127AB1BB53BCD008355BA /* AppDelegate.m */; };
		AE8127AF1BB53BCD008355BA /* ViewController.m in Sources */ = {isa = PBXBuildFile; fileRef = AE8127AE1BB53BCD008355BA /* ViewController.m */; };
		AE8127B21BB53BCD008355BA /* Main.storyboard in Resources */ = {isa = PBXBuildFile; fileRef = AE8127B01BB53BCD008355BA /* Main.storyboard */; };
		AE8127B41BB53BCD008355BA /* Assets.xcassets in Resources */ = {isa = PBXBuildFile; fileRef = AE8127B31BB53BCD008355BA /* Assets.xcassets */; };
		AE8127B71BB53BCD008355BA /* LaunchScreen.storyboard in Resources */ = {isa = PBXBuildFile; fileRef = AE8127B51BB53BCD008355BA /* LaunchScreen.storyboard */; };
		AE8127C21BB53F5C008355BA /* login.m in Sources */ = {isa = PBXBuildFile; fileRef = AE8127C11BB53F5C008355BA /* login.m */; settings = {ASSET_TAGS = (); }; };
		AE8127C61BB54920008355BA /* ConstantIdentifier.m in Sources */ = {isa = PBXBuildFile; fileRef = AE8127C51BB54920008355BA /* ConstantIdentifier.m */; settings = {ASSET_TAGS = (); }; };
		CAE049A8B52C839376972AEA /* libPods-6labusa.a in Frameworks */ = {isa = PBXBuildFile; fileRef = A80C2A0A6D0C6AFDC1B9CF99 /* libPods-6labusa.a */; };
/* End PBXBuildFile section */

/* Begin PBXFileReference section */
		75C4FB7CBDAE97AF79E61EDC /* Pods-6labusa.release.xcconfig */ = {isa = PBXFileReference; includeInIndex = 1; lastKnownFileType = text.xcconfig; name = "Pods-6labusa.release.xcconfig"; path = "Pods/Target Support Files/Pods-6labusa/Pods-6labusa.release.xcconfig"; sourceTree = "<group>"; };
		A80C2A0A6D0C6AFDC1B9CF99 /* libPods-6labusa.a */ = {isa = PBXFileReference; explicitFileType = archive.ar; includeInIndex = 0; path = "libPods-6labusa.a"; sourceTree = BUILT_PRODUCTS_DIR; };
		AE0E4E2C1BBA7D0C0065E9EA /* home.h */ = {isa = PBXFileReference; fileEncoding = 4; lastKnownFileType = sourcecode.c.h; path = home.h; sourceTree = "<group>"; };
		AE0E4E2D1BBA7D0C0065E9EA /* home.m */ = {isa = PBXFileReference; fileEncoding = 4; lastKnownFileType = sourcecode.c.objc; path = home.m; sourceTree = "<group>"; };
		AE0E4E2F1BBA7D190065E9EA /* leftmenu.h */ = {isa = PBXFileReference; fileEncoding = 4; lastKnownFileType = sourcecode.c.h; path = leftmenu.h; sourceTree = "<group>"; };
		AE0E4E301BBA7D190065E9EA /* leftmenu.m */ = {isa = PBXFileReference; fileEncoding = 4; lastKnownFileType = sourcecode.c.objc; path = leftmenu.m; sourceTree = "<group>"; };
		AE0E4E321BBA7D920065E9EA /* tbl.h */ = {isa = PBXFileReference; fileEncoding = 4; lastKnownFileType = sourcecode.c.h; path = tbl.h; sourceTree = "<group>"; };
		AE0E4E331BBA7D920065E9EA /* tbl.m */ = {isa = PBXFileReference; fileEncoding = 4; lastKnownFileType = sourcecode.c.objc; path = tbl.m; sourceTree = "<group>"; };
		AE0E4E361BBA871D0065E9EA /* product.h */ = {isa = PBXFileReference; fileEncoding = 4; lastKnownFileType = sourcecode.c.h; path = product.h; sourceTree = "<group>"; };
		AE0E4E371BBA871D0065E9EA /* product.m */ = {isa = PBXFileReference; fileEncoding = 4; lastKnownFileType = sourcecode.c.objc; path = product.m; sourceTree = "<group>"; };
		AE1F35FB1BB92C9400B0EE2F /* NSMutableURLRequest+Parameters.h */ = {isa = PBXFileReference; fileEncoding = 4; lastKnownFileType = sourcecode.c.h; path = "NSMutableURLRequest+Parameters.h"; sourceTree = "<group>"; };
		AE1F35FC1BB92C9400B0EE2F /* NSMutableURLRequest+Parameters.m */ = {isa = PBXFileReference; fileEncoding = 4; lastKnownFileType = sourcecode.c.objc; path = "NSMutableURLRequest+Parameters.m"; sourceTree = "<group>"; };
		AE1F35FD1BB92C9400B0EE2F /* NSString+URLEncoding.h */ = {isa = PBXFileReference; fileEncoding = 4; lastKnownFileType = sourcecode.c.h; path = "NSString+URLEncoding.h"; sourceTree = "<group>"; };
		AE1F35FE1BB92C9400B0EE2F /* NSString+URLEncoding.m */ = {isa = PBXFileReference; fileEncoding = 4; lastKnownFileType = sourcecode.c.objc; path = "NSString+URLEncoding.m"; sourceTree = "<group>"; };
		AE1F35FF1BB92C9400B0EE2F /* NSURL+Base.h */ = {isa = PBXFileReference; fileEncoding = 4; lastKnownFileType = sourcecode.c.h; path = "NSURL+Base.h"; sourceTree = "<group>"; };
		AE1F36001BB92C9400B0EE2F /* NSURL+Base.m */ = {isa = PBXFileReference; fileEncoding = 4; lastKnownFileType = sourcecode.c.objc; path = "NSURL+Base.m"; sourceTree = "<group>"; };
		AE1F36021BB92C9400B0EE2F /* Base64Transcoder.c */ = {isa = PBXFileReference; fileEncoding = 4; lastKnownFileType = sourcecode.c.c; path = Base64Transcoder.c; sourceTree = "<group>"; };
		AE1F36031BB92C9400B0EE2F /* Base64Transcoder.h */ = {isa = PBXFileReference; fileEncoding = 4; lastKnownFileType = sourcecode.c.h; path = Base64Transcoder.h; sourceTree = "<group>"; };
		AE1F36041BB92C9400B0EE2F /* hmac.c */ = {isa = PBXFileReference; fileEncoding = 4; lastKnownFileType = sourcecode.c.c; path = hmac.c; sourceTree = "<group>"; };
		AE1F36051BB92C9400B0EE2F /* hmac.h */ = {isa = PBXFileReference; fileEncoding = 4; lastKnownFileType = sourcecode.c.h; path = hmac.h; sourceTree = "<group>"; };
		AE1F36061BB92C9400B0EE2F /* sha1.c */ = {isa = PBXFileReference; fileEncoding = 4; lastKnownFileType = sourcecode.c.c; path = sha1.c; sourceTree = "<group>"; };
		AE1F36071BB92C9400B0EE2F /* sha1.h */ = {isa = PBXFileReference; fileEncoding = 4; lastKnownFileType = sourcecode.c.h; path = sha1.h; sourceTree = "<group>"; };
		AE1F36081BB92C9400B0EE2F /* OAAttachment.h */ = {isa = PBXFileReference; fileEncoding = 4; lastKnownFileType = sourcecode.c.h; path = OAAttachment.h; sourceTree = "<group>"; };
		AE1F36091BB92C9400B0EE2F /* OAAttachment.m */ = {isa = PBXFileReference; fileEncoding = 4; lastKnownFileType = sourcecode.c.objc; path = OAAttachment.m; sourceTree = "<group>"; };
		AE1F360A1BB92C9400B0EE2F /* OACall.h */ = {isa = PBXFileReference; fileEncoding = 4; lastKnownFileType = sourcecode.c.h; path = OACall.h; sourceTree = "<group>"; };
		AE1F360B1BB92C9400B0EE2F /* OACall.m */ = {isa = PBXFileReference; fileEncoding = 4; lastKnownFileType = sourcecode.c.objc; path = OACall.m; sourceTree = "<group>"; };
		AE1F360C1BB92C9400B0EE2F /* OAConsumer.h */ = {isa = PBXFileReference; fileEncoding = 4; lastKnownFileType = sourcecode.c.h; path = OAConsumer.h; sourceTree = "<group>"; };
		AE1F360D1BB92C9400B0EE2F /* OAConsumer.m */ = {isa = PBXFileReference; fileEncoding = 4; lastKnownFileType = sourcecode.c.objc; path = OAConsumer.m; sourceTree = "<group>"; };
		AE1F360E1BB92C9400B0EE2F /* OADataFetcher.h */ = {isa = PBXFileReference; fileEncoding = 4; lastKnownFileType = sourcecode.c.h; path = OADataFetcher.h; sourceTree = "<group>"; };
		AE1F360F1BB92C9400B0EE2F /* OADataFetcher.m */ = {isa = PBXFileReference; fileEncoding = 4; lastKnownFileType = sourcecode.c.objc; path = OADataFetcher.m; sourceTree = "<group>"; };
		AE1F36101BB92C9400B0EE2F /* OAHMAC_SHA1SignatureProvider.h */ = {isa = PBXFileReference; fileEncoding = 4; lastKnownFileType = sourcecode.c.h; path = OAHMAC_SHA1SignatureProvider.h; sourceTree = "<group>"; };
		AE1F36111BB92C9400B0EE2F /* OAHMAC_SHA1SignatureProvider.m */ = {isa = PBXFileReference; fileEncoding = 4; lastKnownFileType = sourcecode.c.objc; path = OAHMAC_SHA1SignatureProvider.m; sourceTree = "<group>"; };
		AE1F36121BB92C9400B0EE2F /* OAMutableURLRequest.h */ = {isa = PBXFileReference; fileEncoding = 4; lastKnownFileType = sourcecode.c.h; path = OAMutableURLRequest.h; sourceTree = "<group>"; };
		AE1F36131BB92C9400B0EE2F /* OAMutableURLRequest.m */ = {isa = PBXFileReference; fileEncoding = 4; lastKnownFileType = sourcecode.c.objc; path = OAMutableURLRequest.m; sourceTree = "<group>"; };
		AE1F36141BB92C9400B0EE2F /* OAPlaintextSignatureProvider.h */ = {isa = PBXFileReference; fileEncoding = 4; lastKnownFileType = sourcecode.c.h; path = OAPlaintextSignatureProvider.h; sourceTree = "<group>"; };
		AE1F36151BB92C9400B0EE2F /* OAPlaintextSignatureProvider.m */ = {isa = PBXFileReference; fileEncoding = 4; lastKnownFileType = sourcecode.c.objc; path = OAPlaintextSignatureProvider.m; sourceTree = "<group>"; };
		AE1F36161BB92C9400B0EE2F /* OAProblem.h */ = {isa = PBXFileReference; fileEncoding = 4; lastKnownFileType = sourcecode.c.h; path = OAProblem.h; sourceTree = "<group>"; };
		AE1F36171BB92C9400B0EE2F /* OAProblem.m */ = {isa = PBXFileReference; fileEncoding = 4; lastKnownFileType = sourcecode.c.objc; path = OAProblem.m; sourceTree = "<group>"; };
		AE1F36181BB92C9400B0EE2F /* OARequestParameter.h */ = {isa = PBXFileReference; fileEncoding = 4; lastKnownFileType = sourcecode.c.h; path = OARequestParameter.h; sourceTree = "<group>"; };
		AE1F36191BB92C9400B0EE2F /* OARequestParameter.m */ = {isa = PBXFileReference; fileEncoding = 4; lastKnownFileType = sourcecode.c.objc; path = OARequestParameter.m; sourceTree = "<group>"; };
		AE1F361A1BB92C9400B0EE2F /* OAServiceTicket.h */ = {isa = PBXFileReference; fileEncoding = 4; lastKnownFileType = sourcecode.c.h; path = OAServiceTicket.h; sourceTree = "<group>"; };
		AE1F361B1BB92C9400B0EE2F /* OAServiceTicket.m */ = {isa = PBXFileReference; fileEncoding = 4; lastKnownFileType = sourcecode.c.objc; path = OAServiceTicket.m; sourceTree = "<group>"; };
		AE1F361C1BB92C9400B0EE2F /* OASignatureProviding.h */ = {isa = PBXFileReference; fileEncoding = 4; lastKnownFileType = sourcecode.c.h; path = OASignatureProviding.h; sourceTree = "<group>"; };
		AE1F361D1BB92C9400B0EE2F /* OATestServer.rb */ = {isa = PBXFileReference; fileEncoding = 4; lastKnownFileType = text.script.ruby; path = OATestServer.rb; sourceTree = "<group>"; };
		AE1F361E1BB92C9400B0EE2F /* OAToken.h */ = {isa = PBXFileReference; fileEncoding = 4; lastKnownFileType = sourcecode.c.h; path = OAToken.h; sourceTree = "<group>"; };
		AE1F361F1BB92C9400B0EE2F /* OAToken.m */ = {isa = PBXFileReference; fileEncoding = 4; lastKnownFileType = sourcecode.c.objc; path = OAToken.m; sourceTree = "<group>"; };
		AE1F36201BB92C9400B0EE2F /* OATokenManager.h */ = {isa = PBXFileReference; fileEncoding = 4; lastKnownFileType = sourcecode.c.h; path = OATokenManager.h; sourceTree = "<group>"; };
		AE1F36211BB92C9400B0EE2F /* OATokenManager.m */ = {isa = PBXFileReference; fileEncoding = 4; lastKnownFileType = sourcecode.c.objc; path = OATokenManager.m; sourceTree = "<group>"; };
		AE1F36221BB92C9400B0EE2F /* OAuthConsumer.h */ = {isa = PBXFileReference; fileEncoding = 4; lastKnownFileType = sourcecode.c.h; path = OAuthConsumer.h; sourceTree = "<group>"; };
		AE1F36231BB92C9400B0EE2F /* README */ = {isa = PBXFileReference; fileEncoding = 4; lastKnownFileType = text; path = README; sourceTree = "<group>"; };
		AE1F36241BB92C9400B0EE2F /* TwitterOAuthViewController.h */ = {isa = PBXFileReference; fileEncoding = 4; lastKnownFileType = sourcecode.c.h; path = TwitterOAuthViewController.h; sourceTree = "<group>"; };
		AE1F36251BB92C9400B0EE2F /* TwitterOAuthViewController.m */ = {isa = PBXFileReference; fileEncoding = 4; lastKnownFileType = sourcecode.c.objc; path = TwitterOAuthViewController.m; sourceTree = "<group>"; };
		AE1F36411BB9338A00B0EE2F /* FBSDKCoreKit.framework */ = {isa = PBXFileReference; lastKnownFileType = wrapper.framework; path = FBSDKCoreKit.framework; sourceTree = "<group>"; };
		AE1F36431BB936A800B0EE2F /* FBSDKLoginKit.framework */ = {isa = PBXFileReference; lastKnownFileType = wrapper.framework; path = FBSDKLoginKit.framework; sourceTree = "<group>"; };
		AE1F36461BB94F2B00B0EE2F /* forgetpassword.h */ = {isa = PBXFileReference; fileEncoding = 4; lastKnownFileType = sourcecode.c.h; path = forgetpassword.h; sourceTree = "<group>"; };
		AE1F36471BB94F2B00B0EE2F /* forgetpassword.m */ = {isa = PBXFileReference; fileEncoding = 4; lastKnownFileType = sourcecode.c.objc; path = forgetpassword.m; sourceTree = "<group>"; };
		AE1F364A1BB9548800B0EE2F /* registration.h */ = {isa = PBXFileReference; fileEncoding = 4; lastKnownFileType = sourcecode.c.h; path = registration.h; sourceTree = "<group>"; };
		AE1F364B1BB9548800B0EE2F /* registration.m */ = {isa = PBXFileReference; fileEncoding = 4; lastKnownFileType = sourcecode.c.objc; path = registration.m; sourceTree = "<group>"; };
		AE1F36591BB9645400B0EE2F /* Default-568h@2x.png */ = {isa = PBXFileReference; lastKnownFileType = image.png; path = "Default-568h@2x.png"; sourceTree = "<group>"; };
		AE1F365A1BB9645400B0EE2F /* Default.png */ = {isa = PBXFileReference; lastKnownFileType = image.png; path = Default.png; sourceTree = "<group>"; };
		AE1F365B1BB9645400B0EE2F /* Default@2x.png */ = {isa = PBXFileReference; lastKnownFileType = image.png; path = "Default@2x.png"; sourceTree = "<group>"; };
		AE1F36611BB966CF00B0EE2F /* sharedobject.h */ = {isa = PBXFileReference; fileEncoding = 4; lastKnownFileType = sourcecode.c.h; path = sharedobject.h; sourceTree = "<group>"; };
		AE1F36621BB966CF00B0EE2F /* sharedobject.m */ = {isa = PBXFileReference; fileEncoding = 4; lastKnownFileType = sourcecode.c.objc; path = sharedobject.m; sourceTree = "<group>"; };
		AE23505D1BBA8DB300FFB32B /* productdetail.h */ = {isa = PBXFileReference; fileEncoding = 4; lastKnownFileType = sourcecode.c.h; path = productdetail.h; sourceTree = "<group>"; };
		AE23505E1BBA8DB300FFB32B /* productdetail.m */ = {isa = PBXFileReference; fileEncoding = 4; lastKnownFileType = sourcecode.c.objc; path = productdetail.m; sourceTree = "<group>"; };
		AE8127A41BB53BCD008355BA /* 6labusa.app */ = {isa = PBXFileReference; explicitFileType = wrapper.application; includeInIndex = 0; path = 6labusa.app; sourceTree = BUILT_PRODUCTS_DIR; };
		AE8127A81BB53BCD008355BA /* main.m */ = {isa = PBXFileReference; lastKnownFileType = sourcecode.c.objc; path = main.m; sourceTree = "<group>"; };
		AE8127AA1BB53BCD008355BA /* AppDelegate.h */ = {isa = PBXFileReference; lastKnownFileType = sourcecode.c.h; path = AppDelegate.h; sourceTree = "<group>"; };
		AE8127AB1BB53BCD008355BA /* AppDelegate.m */ = {isa = PBXFileReference; lastKnownFileType = sourcecode.c.objc; path = AppDelegate.m; sourceTree = "<group>"; };
		AE8127AD1BB53BCD008355BA /* ViewController.h */ = {isa = PBXFileReference; lastKnownFileType = sourcecode.c.h; path = ViewController.h; sourceTree = "<group>"; };
		AE8127AE1BB53BCD008355BA /* ViewController.m */ = {isa = PBXFileReference; lastKnownFileType = sourcecode.c.objc; path = ViewController.m; sourceTree = "<group>"; };
		AE8127B11BB53BCD008355BA /* Base */ = {isa = PBXFileReference; lastKnownFileType = file.storyboard; name = Base; path = Base.lproj/Main.storyboard; sourceTree = "<group>"; };
		AE8127B31BB53BCD008355BA /* Assets.xcassets */ = {isa = PBXFileReference; lastKnownFileType = folder.assetcatalog; path = Assets.xcassets; sourceTree = "<group>"; };
		AE8127B61BB53BCD008355BA /* Base */ = {isa = PBXFileReference; lastKnownFileType = file.storyboard; name = Base; path = Base.lproj/LaunchScreen.storyboard; sourceTree = "<group>"; };
		AE8127B81BB53BCD008355BA /* Info.plist */ = {isa = PBXFileReference; lastKnownFileType = text.plist.xml; path = Info.plist; sourceTree = "<group>"; };
		AE8127C01BB53F5C008355BA /* login.h */ = {isa = PBXFileReference; fileEncoding = 4; lastKnownFileType = sourcecode.c.h; path = login.h; sourceTree = "<group>"; };
		AE8127C11BB53F5C008355BA /* login.m */ = {isa = PBXFileReference; fileEncoding = 4; lastKnownFileType = sourcecode.c.objc; path = login.m; sourceTree = "<group>"; };
		AE8127C41BB54920008355BA /* ConstantIdentifier.h */ = {isa = PBXFileReference; fileEncoding = 4; lastKnownFileType = sourcecode.c.h; path = ConstantIdentifier.h; sourceTree = "<group>"; };
		AE8127C51BB54920008355BA /* ConstantIdentifier.m */ = {isa = PBXFileReference; fileEncoding = 4; lastKnownFileType = sourcecode.c.objc; path = ConstantIdentifier.m; sourceTree = "<group>"; };
		ED12BBF4C53B1A63B09AA0A5 /* Pods-6labusa.debug.xcconfig */ = {isa = PBXFileReference; includeInIndex = 1; lastKnownFileType = text.xcconfig; name = "Pods-6labusa.debug.xcconfig"; path = "Pods/Target Support Files/Pods-6labusa/Pods-6labusa.debug.xcconfig"; sourceTree = "<group>"; };
/* End PBXFileReference section */

/* Begin PBXFrameworksBuildPhase section */
		AE8127A11BB53BCD008355BA /* Frameworks */ = {
			isa = PBXFrameworksBuildPhase;
			buildActionMask = 2147483647;
			files = (
				AE1F36441BB936A800B0EE2F /* FBSDKLoginKit.framework in Frameworks */,
				AE1F36421BB9338A00B0EE2F /* FBSDKCoreKit.framework in Frameworks */,
				CAE049A8B52C839376972AEA /* libPods-6labusa.a in Frameworks */,
			);
			runOnlyForDeploymentPostprocessing = 0;
		};
/* End PBXFrameworksBuildPhase section */

/* Begin PBXGroup section */
		AE0E4E261BBA7C770065E9EA /* Slider */ = {
			isa = PBXGroup;
			children = (
				AE23505C1BBA8DA400FFB32B /* productdetail */,
				AE0E4E351BBA870D0065E9EA /* Product */,
				AE0E4E2A1BBA7D000065E9EA /* home */,
				AE0E4E2B1BBA7D000065E9EA /* leftmenu */,
				AE0E4E321BBA7D920065E9EA /* tbl.h */,
				AE0E4E331BBA7D920065E9EA /* tbl.m */,
			);
			path = Slider;
			sourceTree = "<group>";
		};
		AE0E4E2A1BBA7D000065E9EA /* home */ = {
			isa = PBXGroup;
			children = (
				AE0E4E2C1BBA7D0C0065E9EA /* home.h */,
				AE0E4E2D1BBA7D0C0065E9EA /* home.m */,
			);
			path = home;
			sourceTree = "<group>";
		};
		AE0E4E2B1BBA7D000065E9EA /* leftmenu */ = {
			isa = PBXGroup;
			children = (
				AE0E4E2F1BBA7D190065E9EA /* leftmenu.h */,
				AE0E4E301BBA7D190065E9EA /* leftmenu.m */,
			);
			path = leftmenu;
			sourceTree = "<group>";
		};
		AE0E4E351BBA870D0065E9EA /* Product */ = {
			isa = PBXGroup;
			children = (
				AE0E4E361BBA871D0065E9EA /* product.h */,
				AE0E4E371BBA871D0065E9EA /* product.m */,
			);
			path = Product;
			sourceTree = "<group>";
		};
		AE1F35F81BB92C9400B0EE2F /* TwitterOAuthViewController */ = {
			isa = PBXGroup;
			children = (
				AE1F35F91BB92C9400B0EE2F /* oauthconsumer */,
				AE1F36241BB92C9400B0EE2F /* TwitterOAuthViewController.h */,
				AE1F36251BB92C9400B0EE2F /* TwitterOAuthViewController.m */,
			);
			path = TwitterOAuthViewController;
			sourceTree = "<group>";
		};
		AE1F35F91BB92C9400B0EE2F /* oauthconsumer */ = {
			isa = PBXGroup;
			children = (
				AE1F35FA1BB92C9400B0EE2F /* Categories */,
				AE1F36011BB92C9400B0EE2F /* Crypto */,
				AE1F36081BB92C9400B0EE2F /* OAAttachment.h */,
				AE1F36091BB92C9400B0EE2F /* OAAttachment.m */,
				AE1F360A1BB92C9400B0EE2F /* OACall.h */,
				AE1F360B1BB92C9400B0EE2F /* OACall.m */,
				AE1F360C1BB92C9400B0EE2F /* OAConsumer.h */,
				AE1F360D1BB92C9400B0EE2F /* OAConsumer.m */,
				AE1F360E1BB92C9400B0EE2F /* OADataFetcher.h */,
				AE1F360F1BB92C9400B0EE2F /* OADataFetcher.m */,
				AE1F36101BB92C9400B0EE2F /* OAHMAC_SHA1SignatureProvider.h */,
				AE1F36111BB92C9400B0EE2F /* OAHMAC_SHA1SignatureProvider.m */,
				AE1F36121BB92C9400B0EE2F /* OAMutableURLRequest.h */,
				AE1F36131BB92C9400B0EE2F /* OAMutableURLRequest.m */,
				AE1F36141BB92C9400B0EE2F /* OAPlaintextSignatureProvider.h */,
				AE1F36151BB92C9400B0EE2F /* OAPlaintextSignatureProvider.m */,
				AE1F36161BB92C9400B0EE2F /* OAProblem.h */,
				AE1F36171BB92C9400B0EE2F /* OAProblem.m */,
				AE1F36181BB92C9400B0EE2F /* OARequestParameter.h */,
				AE1F36191BB92C9400B0EE2F /* OARequestParameter.m */,
				AE1F361A1BB92C9400B0EE2F /* OAServiceTicket.h */,
				AE1F361B1BB92C9400B0EE2F /* OAServiceTicket.m */,
				AE1F361C1BB92C9400B0EE2F /* OASignatureProviding.h */,
				AE1F361D1BB92C9400B0EE2F /* OATestServer.rb */,
				AE1F361E1BB92C9400B0EE2F /* OAToken.h */,
				AE1F361F1BB92C9400B0EE2F /* OAToken.m */,
				AE1F36201BB92C9400B0EE2F /* OATokenManager.h */,
				AE1F36211BB92C9400B0EE2F /* OATokenManager.m */,
				AE1F36221BB92C9400B0EE2F /* OAuthConsumer.h */,
				AE1F36231BB92C9400B0EE2F /* README */,
			);
			path = oauthconsumer;
			sourceTree = "<group>";
		};
		AE1F35FA1BB92C9400B0EE2F /* Categories */ = {
			isa = PBXGroup;
			children = (
				AE1F35FB1BB92C9400B0EE2F /* NSMutableURLRequest+Parameters.h */,
				AE1F35FC1BB92C9400B0EE2F /* NSMutableURLRequest+Parameters.m */,
				AE1F35FD1BB92C9400B0EE2F /* NSString+URLEncoding.h */,
				AE1F35FE1BB92C9400B0EE2F /* NSString+URLEncoding.m */,
				AE1F35FF1BB92C9400B0EE2F /* NSURL+Base.h */,
				AE1F36001BB92C9400B0EE2F /* NSURL+Base.m */,
			);
			path = Categories;
			sourceTree = "<group>";
		};
		AE1F36011BB92C9400B0EE2F /* Crypto */ = {
			isa = PBXGroup;
			children = (
				AE1F36021BB92C9400B0EE2F /* Base64Transcoder.c */,
				AE1F36031BB92C9400B0EE2F /* Base64Transcoder.h */,
				AE1F36041BB92C9400B0EE2F /* hmac.c */,
				AE1F36051BB92C9400B0EE2F /* hmac.h */,
				AE1F36061BB92C9400B0EE2F /* sha1.c */,
				AE1F36071BB92C9400B0EE2F /* sha1.h */,
			);
			path = Crypto;
			sourceTree = "<group>";
		};
		AE1F363E1BB9332E00B0EE2F /* Framework */ = {
			isa = PBXGroup;
			children = (
				AE1F36431BB936A800B0EE2F /* FBSDKLoginKit.framework */,
				AE1F36411BB9338A00B0EE2F /* FBSDKCoreKit.framework */,
			);
			path = Framework;
			sourceTree = "<group>";
		};
		AE1F36451BB94F1500B0EE2F /* ForgetPassword */ = {
			isa = PBXGroup;
			children = (
				AE1F36461BB94F2B00B0EE2F /* forgetpassword.h */,
				AE1F36471BB94F2B00B0EE2F /* forgetpassword.m */,
			);
			path = ForgetPassword;
			sourceTree = "<group>";
		};
		AE1F36491BB9547900B0EE2F /* Registration */ = {
			isa = PBXGroup;
			children = (
				AE1F364A1BB9548800B0EE2F /* registration.h */,
				AE1F364B1BB9548800B0EE2F /* registration.m */,
			);
			path = Registration;
			sourceTree = "<group>";
		};
		AE1F365F1BB966B900B0EE2F /* Utilities */ = {
			isa = PBXGroup;
			children = (
				AE1F36601BB966B900B0EE2F /* SharedObject */,
			);
			path = Utilities;
			sourceTree = "<group>";
		};
		AE1F36601BB966B900B0EE2F /* SharedObject */ = {
			isa = PBXGroup;
			children = (
				AE1F36611BB966CF00B0EE2F /* sharedobject.h */,
				AE1F36621BB966CF00B0EE2F /* sharedobject.m */,
			);
			path = SharedObject;
			sourceTree = "<group>";
		};
		AE23505C1BBA8DA400FFB32B /* productdetail */ = {
			isa = PBXGroup;
			children = (
				AE23505D1BBA8DB300FFB32B /* productdetail.h */,
				AE23505E1BBA8DB300FFB32B /* productdetail.m */,
			);
			path = productdetail;
			sourceTree = "<group>";
		};
		AE81279B1BB53BCD008355BA = {
			isa = PBXGroup;
			children = (
				AE8127A61BB53BCD008355BA /* 6labusa */,
				AE8127A51BB53BCD008355BA /* Products */,
				FFF9EF1515CD031B3D5FB2F7 /* Pods */,
				B56614CC9FD574A350DDB046 /* Frameworks */,
			);
			sourceTree = "<group>";
		};
		AE8127A51BB53BCD008355BA /* Products */ = {
			isa = PBXGroup;
			children = (
				AE8127A41BB53BCD008355BA /* 6labusa.app */,
			);
			name = Products;
			sourceTree = "<group>";
		};
		AE8127A61BB53BCD008355BA /* 6labusa */ = {
			isa = PBXGroup;
			children = (
				AE1F365F1BB966B900B0EE2F /* Utilities */,
				AE1F363E1BB9332E00B0EE2F /* Framework */,
				AE8127BE1BB53EDB008355BA /* Controller */,
				AE8127AA1BB53BCD008355BA /* AppDelegate.h */,
				AE8127AB1BB53BCD008355BA /* AppDelegate.m */,
				AE8127AD1BB53BCD008355BA /* ViewController.h */,
				AE8127AE1BB53BCD008355BA /* ViewController.m */,
				AE1F36591BB9645400B0EE2F /* Default-568h@2x.png */,
				AE1F365A1BB9645400B0EE2F /* Default.png */,
				AE1F365B1BB9645400B0EE2F /* Default@2x.png */,
				AE8127B01BB53BCD008355BA /* Main.storyboard */,
				AE8127B31BB53BCD008355BA /* Assets.xcassets */,
				AE8127B51BB53BCD008355BA /* LaunchScreen.storyboard */,
				AE8127B81BB53BCD008355BA /* Info.plist */,
				AE8127A71BB53BCD008355BA /* Supporting Files */,
			);
			path = 6labusa;
			sourceTree = "<group>";
		};
		AE8127A71BB53BCD008355BA /* Supporting Files */ = {
			isa = PBXGroup;
			children = (
				AE8127A81BB53BCD008355BA /* main.m */,
			);
			name = "Supporting Files";
			sourceTree = "<group>";
		};
		AE8127BE1BB53EDB008355BA /* Controller */ = {
			isa = PBXGroup;
			children = (
				AE0E4E261BBA7C770065E9EA /* Slider */,
				AE1F36491BB9547900B0EE2F /* Registration */,
				AE1F36451BB94F1500B0EE2F /* ForgetPassword */,
				AE1F35F81BB92C9400B0EE2F /* TwitterOAuthViewController */,
				AE8127C31BB54920008355BA /* Constant */,
				AE8127BF1BB53EDB008355BA /* Login */,
			);
			path = Controller;
			sourceTree = "<group>";
		};
		AE8127BF1BB53EDB008355BA /* Login */ = {
			isa = PBXGroup;
			children = (
				AE8127C01BB53F5C008355BA /* login.h */,
				AE8127C11BB53F5C008355BA /* login.m */,
			);
			path = Login;
			sourceTree = "<group>";
		};
		AE8127C31BB54920008355BA /* Constant */ = {
			isa = PBXGroup;
			children = (
				AE8127C41BB54920008355BA /* ConstantIdentifier.h */,
				AE8127C51BB54920008355BA /* ConstantIdentifier.m */,
			);
			path = Constant;
			sourceTree = "<group>";
		};
		B56614CC9FD574A350DDB046 /* Frameworks */ = {
			isa = PBXGroup;
			children = (
				A80C2A0A6D0C6AFDC1B9CF99 /* libPods-6labusa.a */,
			);
			name = Frameworks;
			sourceTree = "<group>";
		};
		FFF9EF1515CD031B3D5FB2F7 /* Pods */ = {
			isa = PBXGroup;
			children = (
				ED12BBF4C53B1A63B09AA0A5 /* Pods-6labusa.debug.xcconfig */,
				75C4FB7CBDAE97AF79E61EDC /* Pods-6labusa.release.xcconfig */,
			);
			name = Pods;
			sourceTree = "<group>";
		};
/* End PBXGroup section */

/* Begin PBXNativeTarget section */
		AE8127A31BB53BCD008355BA /* 6labusa */ = {
			isa = PBXNativeTarget;
			buildConfigurationList = AE8127BB1BB53BCD008355BA /* Build configuration list for PBXNativeTarget "6labusa" */;
			buildPhases = (
				62B013E5D846AEA834CF34C3 /* Check Pods Manifest.lock */,
				AE8127A01BB53BCD008355BA /* Sources */,
				AE8127A11BB53BCD008355BA /* Frameworks */,
				AE8127A21BB53BCD008355BA /* Resources */,
				89269BB646A46EC4A530B0CA /* Copy Pods Resources */,
			);
			buildRules = (
			);
			dependencies = (
			);
			name = 6labusa;
			productName = 6labusa;
			productReference = AE8127A41BB53BCD008355BA /* 6labusa.app */;
			productType = "com.apple.product-type.application";
		};
/* End PBXNativeTarget section */

/* Begin PBXProject section */
		AE81279C1BB53BCD008355BA /* Project object */ = {
			isa = PBXProject;
			attributes = {
				LastUpgradeCheck = 0700;
				ORGANIZATIONNAME = Nicole;
				TargetAttributes = {
					AE8127A31BB53BCD008355BA = {
						CreatedOnToolsVersion = 7.0;
					};
				};
			};
			buildConfigurationList = AE81279F1BB53BCD008355BA /* Build configuration list for PBXProject "6labusa" */;
			compatibilityVersion = "Xcode 3.2";
			developmentRegion = English;
			hasScannedForEncodings = 0;
			knownRegions = (
				en,
				Base,
			);
			mainGroup = AE81279B1BB53BCD008355BA;
			productRefGroup = AE8127A51BB53BCD008355BA /* Products */;
			projectDirPath = "";
			projectRoot = "";
			targets = (
				AE8127A31BB53BCD008355BA /* 6labusa */,
			);
		};
/* End PBXProject section */

/* Begin PBXResourcesBuildPhase section */
		AE8127A21BB53BCD008355BA /* Resources */ = {
			isa = PBXResourcesBuildPhase;
			buildActionMask = 2147483647;
			files = (
				AE1F365E1BB9645400B0EE2F /* Default@2x.png in Resources */,
				AE1F36391BB92C9400B0EE2F /* README in Resources */,
				AE1F36361BB92C9400B0EE2F /* OATestServer.rb in Resources */,
				AE8127B71BB53BCD008355BA /* LaunchScreen.storyboard in Resources */,
				AE8127B41BB53BCD008355BA /* Assets.xcassets in Resources */,
				AE1F365D1BB9645400B0EE2F /* Default.png in Resources */,
				AE8127B21BB53BCD008355BA /* Main.storyboard in Resources */,
				AE1F365C1BB9645400B0EE2F /* Default-568h@2x.png in Resources */,
			);
			runOnlyForDeploymentPostprocessing = 0;
		};
/* End PBXResourcesBuildPhase section */

/* Begin PBXShellScriptBuildPhase section */
		62B013E5D846AEA834CF34C3 /* Check Pods Manifest.lock */ = {
			isa = PBXShellScriptBuildPhase;
			buildActionMask = 2147483647;
			files = (
			);
			inputPaths = (
			);
			name = "Check Pods Manifest.lock";
			outputPaths = (
			);
			runOnlyForDeploymentPostprocessing = 0;
			shellPath = /bin/sh;
			shellScript = "diff \"${PODS_ROOT}/../Podfile.lock\" \"${PODS_ROOT}/Manifest.lock\" > /dev/null\nif [[ $? != 0 ]] ; then\n    cat << EOM\nerror: The sandbox is not in sync with the Podfile.lock. Run 'pod install' or update your CocoaPods installation.\nEOM\n    exit 1\nfi\n";
			showEnvVarsInLog = 0;
		};
		89269BB646A46EC4A530B0CA /* Copy Pods Resources */ = {
			isa = PBXShellScriptBuildPhase;
			buildActionMask = 2147483647;
			files = (
			);
			inputPaths = (
			);
			name = "Copy Pods Resources";
			outputPaths = (
			);
			runOnlyForDeploymentPostprocessing = 0;
			shellPath = /bin/sh;
			shellScript = "\"${SRCROOT}/Pods/Target Support Files/Pods-6labusa/Pods-6labusa-resources.sh\"\n";
			showEnvVarsInLog = 0;
		};
/* End PBXShellScriptBuildPhase section */

/* Begin PBXSourcesBuildPhase section */
		AE8127A01BB53BCD008355BA /* Sources */ = {
			isa = PBXSourcesBuildPhase;
			buildActionMask = 2147483647;
			files = (
				AE1F362A1BB92C9400B0EE2F /* hmac.c in Sources */,
				AE8127C61BB54920008355BA /* ConstantIdentifier.m in Sources */,
				AE1F363A1BB92C9400B0EE2F /* TwitterOAuthViewController.m in Sources */,
				AE1F36281BB92C9400B0EE2F /* NSURL+Base.m in Sources */,
				AE1F362D1BB92C9400B0EE2F /* OACall.m in Sources */,
				AE8127AF1BB53BCD008355BA /* ViewController.m in Sources */,
				AE1F36381BB92C9400B0EE2F /* OATokenManager.m in Sources */,
				AE1F36321BB92C9400B0EE2F /* OAPlaintextSignatureProvider.m in Sources */,
				AE8127AC1BB53BCD008355BA /* AppDelegate.m in Sources */,
				AE1F36311BB92C9400B0EE2F /* OAMutableURLRequest.m in Sources */,
				AE8127A91BB53BCD008355BA /* main.m in Sources */,
				AE1F36341BB92C9400B0EE2F /* OARequestParameter.m in Sources */,
				AE1F364C1BB9548800B0EE2F /* registration.m in Sources */,
				AE1F362B1BB92C9400B0EE2F /* sha1.c in Sources */,
				AE0E4E2E1BBA7D0C0065E9EA /* home.m in Sources */,
				AE0E4E381BBA871D0065E9EA /* product.m in Sources */,
				AE1F36371BB92C9400B0EE2F /* OAToken.m in Sources */,
				AE1F36261BB92C9400B0EE2F /* NSMutableURLRequest+Parameters.m in Sources */,
				AE1F36631BB966CF00B0EE2F /* sharedobject.m in Sources */,
				AE1F36351BB92C9400B0EE2F /* OAServiceTicket.m in Sources */,
				AE1F362F1BB92C9400B0EE2F /* OADataFetcher.m in Sources */,
				AE1F36331BB92C9400B0EE2F /* OAProblem.m in Sources */,
				AE1F362E1BB92C9400B0EE2F /* OAConsumer.m in Sources */,
				AE1F36301BB92C9400B0EE2F /* OAHMAC_SHA1SignatureProvider.m in Sources */,
				AE1F36271BB92C9400B0EE2F /* NSString+URLEncoding.m in Sources */,
				AE0E4E341BBA7D920065E9EA /* tbl.m in Sources */,
				AE1F36291BB92C9400B0EE2F /* Base64Transcoder.c in Sources */,
				AE1F36481BB94F2B00B0EE2F /* forgetpassword.m in Sources */,
				AE0E4E311BBA7D190065E9EA /* leftmenu.m in Sources */,
				AE1F362C1BB92C9400B0EE2F /* OAAttachment.m in Sources */,
				AE23505F1BBA8DB300FFB32B /* productdetail.m in Sources */,
				AE8127C21BB53F5C008355BA /* login.m in Sources */,
			);
			runOnlyForDeploymentPostprocessing = 0;
		};
/* End PBXSourcesBuildPhase section */

/* Begin PBXVariantGroup section */
		AE8127B01BB53BCD008355BA /* Main.storyboard */ = {
			isa = PBXVariantGroup;
			children = (
				AE8127B11BB53BCD008355BA /* Base */,
			);
			name = Main.storyboard;
			sourceTree = "<group>";
		};
		AE8127B51BB53BCD008355BA /* LaunchScreen.storyboard */ = {
			isa = PBXVariantGroup;
			children = (
				AE8127B61BB53BCD008355BA /* Base */,
			);
			name = LaunchScreen.storyboard;
			sourceTree = "<group>";
		};
/* End PBXVariantGroup section */

/* Begin XCBuildConfiguration section */
		AE8127B91BB53BCD008355BA /* Debug */ = {
			isa = XCBuildConfiguration;
			buildSettings = {
				ALWAYS_SEARCH_USER_PATHS = NO;
				CLANG_CXX_LANGUAGE_STANDARD = "gnu++0x";
				CLANG_CXX_LIBRARY = "libc++";
				CLANG_ENABLE_MODULES = YES;
				CLANG_ENABLE_OBJC_ARC = YES;
				CLANG_WARN_BOOL_CONVERSION = YES;
				CLANG_WARN_CONSTANT_CONVERSION = YES;
				CLANG_WARN_DIRECT_OBJC_ISA_USAGE = YES_ERROR;
				CLANG_WARN_EMPTY_BODY = YES;
				CLANG_WARN_ENUM_CONVERSION = YES;
				CLANG_WARN_INT_CONVERSION = YES;
				CLANG_WARN_OBJC_ROOT_CLASS = YES_ERROR;
				CLANG_WARN_UNREACHABLE_CODE = YES;
				CLANG_WARN__DUPLICATE_METHOD_MATCH = YES;
				"CODE_SIGN_IDENTITY[sdk=iphoneos*]" = "iPhone Developer";
				COPY_PHASE_STRIP = NO;
				DEBUG_INFORMATION_FORMAT = dwarf;
				ENABLE_STRICT_OBJC_MSGSEND = YES;
				ENABLE_TESTABILITY = YES;
				GCC_C_LANGUAGE_STANDARD = gnu99;
				GCC_DYNAMIC_NO_PIC = NO;
				GCC_NO_COMMON_BLOCKS = YES;
				GCC_OPTIMIZATION_LEVEL = 0;
				GCC_PREPROCESSOR_DEFINITIONS = (
					"DEBUG=1",
					"$(inherited)",
				);
				GCC_WARN_64_TO_32_BIT_CONVERSION = YES;
				GCC_WARN_ABOUT_RETURN_TYPE = YES_ERROR;
				GCC_WARN_UNDECLARED_SELECTOR = YES;
				GCC_WARN_UNINITIALIZED_AUTOS = YES_AGGRESSIVE;
				GCC_WARN_UNUSED_FUNCTION = YES;
				GCC_WARN_UNUSED_VARIABLE = YES;
				IPHONEOS_DEPLOYMENT_TARGET = 8.1;
				MTL_ENABLE_DEBUG_INFO = YES;
				ONLY_ACTIVE_ARCH = YES;
				SDKROOT = iphoneos;
			};
			name = Debug;
		};
		AE8127BA1BB53BCD008355BA /* Release */ = {
			isa = XCBuildConfiguration;
			buildSettings = {
				ALWAYS_SEARCH_USER_PATHS = NO;
				CLANG_CXX_LANGUAGE_STANDARD = "gnu++0x";
				CLANG_CXX_LIBRARY = "libc++";
				CLANG_ENABLE_MODULES = YES;
				CLANG_ENABLE_OBJC_ARC = YES;
				CLANG_WARN_BOOL_CONVERSION = YES;
				CLANG_WARN_CONSTANT_CONVERSION = YES;
				CLANG_WARN_DIRECT_OBJC_ISA_USAGE = YES_ERROR;
				CLANG_WARN_EMPTY_BODY = YES;
				CLANG_WARN_ENUM_CONVERSION = YES;
				CLANG_WARN_INT_CONVERSION = YES;
				CLANG_WARN_OBJC_ROOT_CLASS = YES_ERROR;
				CLANG_WARN_UNREACHABLE_CODE = YES;
				CLANG_WARN__DUPLICATE_METHOD_MATCH = YES;
				"CODE_SIGN_IDENTITY[sdk=iphoneos*]" = "iPhone Developer";
				COPY_PHASE_STRIP = NO;
				DEBUG_INFORMATION_FORMAT = "dwarf-with-dsym";
				ENABLE_NS_ASSERTIONS = NO;
				ENABLE_STRICT_OBJC_MSGSEND = YES;
				GCC_C_LANGUAGE_STANDARD = gnu99;
				GCC_NO_COMMON_BLOCKS = YES;
				GCC_WARN_64_TO_32_BIT_CONVERSION = YES;
				GCC_WARN_ABOUT_RETURN_TYPE = YES_ERROR;
				GCC_WARN_UNDECLARED_SELECTOR = YES;
				GCC_WARN_UNINITIALIZED_AUTOS = YES_AGGRESSIVE;
				GCC_WARN_UNUSED_FUNCTION = YES;
				GCC_WARN_UNUSED_VARIABLE = YES;
				IPHONEOS_DEPLOYMENT_TARGET = 8.1;
				MTL_ENABLE_DEBUG_INFO = NO;
				SDKROOT = iphoneos;
				VALIDATE_PRODUCT = YES;
			};
			name = Release;
		};
		AE8127BC1BB53BCD008355BA /* Debug */ = {
			isa = XCBuildConfiguration;
			baseConfigurationReference = ED12BBF4C53B1A63B09AA0A5 /* Pods-6labusa.debug.xcconfig */;
			buildSettings = {
				ASSETCATALOG_COMPILER_APPICON_NAME = AppIcon;
				FRAMEWORK_SEARCH_PATHS = (
					"$(inherited)",
					"$(PROJECT_DIR)/6labusa",
					"$(PROJECT_DIR)/6labusa/Framework",
				);
				INFOPLIST_FILE = 6labusa/Info.plist;
				LD_RUNPATH_SEARCH_PATHS = "$(inherited) @executable_path/Frameworks";
				PRODUCT_BUNDLE_IDENTIFIER = com.nicole.;
				PRODUCT_NAME = "$(TARGET_NAME)";
			};
			name = Debug;
		};
		AE8127BD1BB53BCD008355BA /* Release */ = {
			isa = XCBuildConfiguration;
			baseConfigurationReference = 75C4FB7CBDAE97AF79E61EDC /* Pods-6labusa.release.xcconfig */;
			buildSettings = {
				ASSETCATALOG_COMPILER_APPICON_NAME = AppIcon;
				FRAMEWORK_SEARCH_PATHS = (
					"$(inherited)",
					"$(PROJECT_DIR)/6labusa",
					"$(PROJECT_DIR)/6labusa/Framework",
				);
				INFOPLIST_FILE = 6labusa/Info.plist;
				LD_RUNPATH_SEARCH_PATHS = "$(inherited) @executable_path/Frameworks";
				PRODUCT_BUNDLE_IDENTIFIER = com.nicole.;
				PRODUCT_NAME = "$(TARGET_NAME)";
			};
			name = Release;
		};
/* End XCBuildConfiguration section */

/* Begin XCConfigurationList section */
		AE81279F1BB53BCD008355BA /* Build configuration list for PBXProject "6labusa" */ = {
			isa = XCConfigurationList;
			buildConfigurations = (
				AE8127B91BB53BCD008355BA /* Debug */,
				AE8127BA1BB53BCD008355BA /* Release */,
			);
			defaultConfigurationIsVisible = 0;
			defaultConfigurationName = Release;
		};
		AE8127BB1BB53BCD008355BA /* Build configuration list for PBXNativeTarget "6labusa" */ = {
			isa = XCConfigurationList;
			buildConfigurations = (
				AE8127BC1BB53BCD008355BA /* Debug */,
				AE8127BD1BB53BCD008355BA /* Release */,
			);
			defaultConfigurationIsVisible = 0;
			defaultConfigurationName = Release;
		};
/* End XCConfigurationList section */
	};
	rootObject = AE81279C1BB53BCD008355BA /* Project object */;
}
