// !$*UTF8*$!
{
	archiveVersion = 1;
	classes = {
	};
	objectVersion = 46;
	objects = {

/* Begin PBXBuildFile section */
		AE8127A91BB53BCD008355BA /* main.m in Sources */ = {isa = PBXBuildFile; fileRef = AE8127A81BB53BCD008355BA /* main.m */; };
		AE8127AC1BB53BCD008355BA /* AppDelegate.m in Sources */ = {isa = PBXBuildFile; fileRef = AE8127AB1BB53BCD008355BA /* AppDelegate.m */; };
		AE8127AF1BB53BCD008355BA /* ViewController.m in Sources */ = {isa = PBXBuildFile; fileRef = AE8127AE1BB53BCD008355BA /* ViewController.m */; };
		AE8127B21BB53BCD008355BA /* Main.storyboard in Resources */ = {isa = PBXBuildFile; fileRef = AE8127B01BB53BCD008355BA /* Main.storyboard */; };
		AE8127B41BB53BCD008355BA /* Assets.xcassets in Resources */ = {isa = PBXBuildFile; fileRef = AE8127B31BB53BCD008355BA /* Assets.xcassets */; };
		AE8127B71BB53BCD008355BA /* LaunchScreen.storyboard in Resources */ = {isa = PBXBuildFile; fileRef = AE8127B51BB53BCD008355BA /* LaunchScreen.storyboard */; };
/* End PBXBuildFile section */

/* Begin PBXFileReference section */
		AE8127A41BB53BCD008355BA /* 6labusa.app */ = {isa = PBXFileReference; explicitFileType = wrapper.application; includeInIndex = 0; path = 6labusa.app; sourceTree = BUILT_PRODUCTS_DIR; };
		AE8127A81BB53BCD008355BA /* main.m */ = {isa = PBXFileReference; lastKnownFileType = sourcecode.c.objc; path = main.m; sourceTree = "<group>"; };
		AE8127AA1BB53BCD008355BA /* AppDelegate.h */ = {isa = PBXFileReference; lastKnownFileType = sourcecode.c.h; path = AppDelegate.h; sourceTree = "<group>"; };
		AE8127AB1BB53BCD008355BA /* AppDelegate.m */ = {isa = PBXFileReference; lastKnownFileType = sourcecode.c.objc; path = AppDelegate.m; sourceTree = "<group>"; };
		AE8127AD1BB53BCD008355BA /* ViewController.h */ = {isa = PBXFileReference; lastKnownFileType = sourcecode.c.h; path = ViewController.h; sourceTree = "<group>"; };
		AE8127AE1BB53BCD008355BA /* ViewController.m */ = {isa = PBXFileReference; lastKnownFileType = sourcecode.c.objc; path = ViewController.m; sourceTree = "<group>"; };
		AE8127B11BB53BCD008355BA /* Base */ = {isa = PBXFileReference; lastKnownFileType = file.storyboard; name = Base; path = Base.lproj/Main.storyboard; sourceTree = "<group>"; };
		AE8127B31BB53BCD008355BA /* Assets.xcassets */ = {isa = PBXFileReference; lastKnownFileType = folder.assetcatalog; path = Assets.xcassets; sourceTree = "<group>"; };
		AE8127B61BB53BCD008355BA /* Base */ = {isa = PBXFileReference; lastKnownFileType = file.storyboard; name = Base; path = Base.lproj/LaunchScreen.storyboard; sourceTree = "<group>"; };
		AE8127B81BB53BCD008355BA /* Info.plist */ = {isa = PBXFileReference; lastKnownFileType = text.plist.xml; path = Info.plist; sourceTree = "<group>"; };
/* End PBXFileReference section */

/* Begin PBXFrameworksBuildPhase section */
		AE8127A11BB53BCD008355BA /* Frameworks */ = {
			isa = PBXFrameworksBuildPhase;
			buildActionMask = 2147483647;
			files = (
			);
			runOnlyForDeploymentPostprocessing = 0;
		};
/* End PBXFrameworksBuildPhase section */

/* Begin PBXGroup section */
		AE81279B1BB53BCD008355BA = {
			isa = PBXGroup;
			children = (
				AE8127A61BB53BCD008355BA /* 6labusa */,
				AE8127A51BB53BCD008355BA /* Products */,
			);
			sourceTree = "<group>";
		};
		AE8127A51BB53BCD008355BA /* Products */ = {
			isa = PBXGroup;
			children = (
				AE8127A41BB53BCD008355BA /* 6labusa.app */,
			);
			name = Products;
			sourceTree = "<group>";
		};
		AE8127A61BB53BCD008355BA /* 6labusa */ = {
			isa = PBXGroup;
			children = (
				AE8127BE1BB53EDB008355BA /* Controller */,
				AE8127AA1BB53BCD008355BA /* AppDelegate.h */,
				AE8127AB1BB53BCD008355BA /* AppDelegate.m */,
				AE8127AD1BB53BCD008355BA /* ViewController.h */,
				AE8127AE1BB53BCD008355BA /* ViewController.m */,
				AE8127B01BB53BCD008355BA /* Main.storyboard */,
				AE8127B31BB53BCD008355BA /* Assets.xcassets */,
				AE8127B51BB53BCD008355BA /* LaunchScreen.storyboard */,
				AE8127B81BB53BCD008355BA /* Info.plist */,
				AE8127A71BB53BCD008355BA /* Supporting Files */,
			);
			path = 6labusa;
			sourceTree = "<group>";
		};
		AE8127A71BB53BCD008355BA /* Supporting Files */ = {
			isa = PBXGroup;
			children = (
				AE8127A81BB53BCD008355BA /* main.m */,
			);
			name = "Supporting Files";
			sourceTree = "<group>";
		};
		AE8127BE1BB53EDB008355BA /* Controller */ = {
			isa = PBXGroup;
			children = (
				AE8127BF1BB53EDB008355BA /* Login */,
			);
			path = Controller;
			sourceTree = "<group>";
		};
		AE8127BF1BB53EDB008355BA /* Login */ = {
			isa = PBXGroup;
			children = (
			);
			path = Login;
			sourceTree = "<group>";
		};
/* End PBXGroup section */

/* Begin PBXNativeTarget section */
		AE8127A31BB53BCD008355BA /* 6labusa */ = {
			isa = PBXNativeTarget;
			buildConfigurationList = AE8127BB1BB53BCD008355BA /* Build configuration list for PBXNativeTarget "6labusa" */;
			buildPhases = (
				AE8127A01BB53BCD008355BA /* Sources */,
				AE8127A11BB53BCD008355BA /* Frameworks */,
				AE8127A21BB53BCD008355BA /* Resources */,
			);
			buildRules = (
			);
			dependencies = (
			);
			name = 6labusa;
			productName = 6labusa;
			productReference = AE8127A41BB53BCD008355BA /* 6labusa.app */;
			productType = "com.apple.product-type.application";
		};
/* End PBXNativeTarget section */

/* Begin PBXProject section */
		AE81279C1BB53BCD008355BA /* Project object */ = {
			isa = PBXProject;
			attributes = {
				LastUpgradeCheck = 0700;
				ORGANIZATIONNAME = Nicole;
				TargetAttributes = {
					AE8127A31BB53BCD008355BA = {
						CreatedOnToolsVersion = 7.0;
					};
				};
			};
			buildConfigurationList = AE81279F1BB53BCD008355BA /* Build configuration list for PBXProject "6labusa" */;
			compatibilityVersion = "Xcode 3.2";
			developmentRegion = English;
			hasScannedForEncodings = 0;
			knownRegions = (
				en,
				Base,
			);
			mainGroup = AE81279B1BB53BCD008355BA;
			productRefGroup = AE8127A51BB53BCD008355BA /* Products */;
			projectDirPath = "";
			projectRoot = "";
			targets = (
				AE8127A31BB53BCD008355BA /* 6labusa */,
			);
		};
/* End PBXProject section */

/* Begin PBXResourcesBuildPhase section */
		AE8127A21BB53BCD008355BA /* Resources */ = {
			isa = PBXResourcesBuildPhase;
			buildActionMask = 2147483647;
			files = (
				AE8127B71BB53BCD008355BA /* LaunchScreen.storyboard in Resources */,
				AE8127B41BB53BCD008355BA /* Assets.xcassets in Resources */,
				AE8127B21BB53BCD008355BA /* Main.storyboard in Resources */,
			);
			runOnlyForDeploymentPostprocessing = 0;
		};
/* End PBXResourcesBuildPhase section */

/* Begin PBXSourcesBuildPhase section */
		AE8127A01BB53BCD008355BA /* Sources */ = {
			isa = PBXSourcesBuildPhase;
			buildActionMask = 2147483647;
			files = (
				AE8127AF1BB53BCD008355BA /* ViewController.m in Sources */,
				AE8127AC1BB53BCD008355BA /* AppDelegate.m in Sources */,
				AE8127A91BB53BCD008355BA /* main.m in Sources */,
			);
			runOnlyForDeploymentPostprocessing = 0;
		};
/* End PBXSourcesBuildPhase section */

/* Begin PBXVariantGroup section */
		AE8127B01BB53BCD008355BA /* Main.storyboard */ = {
			isa = PBXVariantGroup;
			children = (
				AE8127B11BB53BCD008355BA /* Base */,
			);
			name = Main.storyboard;
			sourceTree = "<group>";
		};
		AE8127B51BB53BCD008355BA /* LaunchScreen.storyboard */ = {
			isa = PBXVariantGroup;
			children = (
				AE8127B61BB53BCD008355BA /* Base */,
			);
			name = LaunchScreen.storyboard;
			sourceTree = "<group>";
		};
/* End PBXVariantGroup section */

/* Begin XCBuildConfiguration section */
		AE8127B91BB53BCD008355BA /* Debug */ = {
			isa = XCBuildConfiguration;
			buildSettings = {
				ALWAYS_SEARCH_USER_PATHS = NO;
				CLANG_CXX_LANGUAGE_STANDARD = "gnu++0x";
				CLANG_CXX_LIBRARY = "libc++";
				CLANG_ENABLE_MODULES = YES;
				CLANG_ENABLE_OBJC_ARC = YES;
				CLANG_WARN_BOOL_CONVERSION = YES;
				CLANG_WARN_CONSTANT_CONVERSION = YES;
				CLANG_WARN_DIRECT_OBJC_ISA_USAGE = YES_ERROR;
				CLANG_WARN_EMPTY_BODY = YES;
				CLANG_WARN_ENUM_CONVERSION = YES;
				CLANG_WARN_INT_CONVERSION = YES;
				CLANG_WARN_OBJC_ROOT_CLASS = YES_ERROR;
				CLANG_WARN_UNREACHABLE_CODE = YES;
				CLANG_WARN__DUPLICATE_METHOD_MATCH = YES;
				"CODE_SIGN_IDENTITY[sdk=iphoneos*]" = "iPhone Developer";
				COPY_PHASE_STRIP = NO;
				DEBUG_INFORMATION_FORMAT = dwarf;
				ENABLE_STRICT_OBJC_MSGSEND = YES;
				ENABLE_TESTABILITY = YES;
				GCC_C_LANGUAGE_STANDARD = gnu99;
				GCC_DYNAMIC_NO_PIC = NO;
				GCC_NO_COMMON_BLOCKS = YES;
				GCC_OPTIMIZATION_LEVEL = 0;
				GCC_PREPROCESSOR_DEFINITIONS = (
					"DEBUG=1",
					"$(inherited)",
				);
				GCC_WARN_64_TO_32_BIT_CONVERSION = YES;
				GCC_WARN_ABOUT_RETURN_TYPE = YES_ERROR;
				GCC_WARN_UNDECLARED_SELECTOR = YES;
				GCC_WARN_UNINITIALIZED_AUTOS = YES_AGGRESSIVE;
				GCC_WARN_UNUSED_FUNCTION = YES;
				GCC_WARN_UNUSED_VARIABLE = YES;
				IPHONEOS_DEPLOYMENT_TARGET = 9.0;
				MTL_ENABLE_DEBUG_INFO = YES;
				ONLY_ACTIVE_ARCH = YES;
				SDKROOT = iphoneos;
			};
			name = Debug;
		};
		AE8127BA1BB53BCD008355BA /* Release */ = {
			isa = XCBuildConfiguration;
			buildSettings = {
				ALWAYS_SEARCH_USER_PATHS = NO;
				CLANG_CXX_LANGUAGE_STANDARD = "gnu++0x";
				CLANG_CXX_LIBRARY = "libc++";
				CLANG_ENABLE_MODULES = YES;
				CLANG_ENABLE_OBJC_ARC = YES;
				CLANG_WARN_BOOL_CONVERSION = YES;
				CLANG_WARN_CONSTANT_CONVERSION = YES;
				CLANG_WARN_DIRECT_OBJC_ISA_USAGE = YES_ERROR;
				CLANG_WARN_EMPTY_BODY = YES;
				CLANG_WARN_ENUM_CONVERSION = YES;
				CLANG_WARN_INT_CONVERSION = YES;
				CLANG_WARN_OBJC_ROOT_CLASS = YES_ERROR;
				CLANG_WARN_UNREACHABLE_CODE = YES;
				CLANG_WARN__DUPLICATE_METHOD_MATCH = YES;
				"CODE_SIGN_IDENTITY[sdk=iphoneos*]" = "iPhone Developer";
				COPY_PHASE_STRIP = NO;
				DEBUG_INFORMATION_FORMAT = "dwarf-with-dsym";
				ENABLE_NS_ASSERTIONS = NO;
				ENABLE_STRICT_OBJC_MSGSEND = YES;
				GCC_C_LANGUAGE_STANDARD = gnu99;
				GCC_NO_COMMON_BLOCKS = YES;
				GCC_WARN_64_TO_32_BIT_CONVERSION = YES;
				GCC_WARN_ABOUT_RETURN_TYPE = YES_ERROR;
				GCC_WARN_UNDECLARED_SELECTOR = YES;
				GCC_WARN_UNINITIALIZED_AUTOS = YES_AGGRESSIVE;
				GCC_WARN_UNUSED_FUNCTION = YES;
				GCC_WARN_UNUSED_VARIABLE = YES;
				IPHONEOS_DEPLOYMENT_TARGET = 9.0;
				MTL_ENABLE_DEBUG_INFO = NO;
				SDKROOT = iphoneos;
				VALIDATE_PRODUCT = YES;
			};
			name = Release;
		};
		AE8127BC1BB53BCD008355BA /* Debug */ = {
			isa = XCBuildConfiguration;
			buildSettings = {
				ASSETCATALOG_COMPILER_APPICON_NAME = AppIcon;
				INFOPLIST_FILE = 6labusa/Info.plist;
				LD_RUNPATH_SEARCH_PATHS = "$(inherited) @executable_path/Frameworks";
				PRODUCT_BUNDLE_IDENTIFIER = com.nicole.;
				PRODUCT_NAME = "$(TARGET_NAME)";
			};
			name = Debug;
		};
		AE8127BD1BB53BCD008355BA /* Release */ = {
			isa = XCBuildConfiguration;
			buildSettings = {
				ASSETCATALOG_COMPILER_APPICON_NAME = AppIcon;
				INFOPLIST_FILE = 6labusa/Info.plist;
				LD_RUNPATH_SEARCH_PATHS = "$(inherited) @executable_path/Frameworks";
				PRODUCT_BUNDLE_IDENTIFIER = com.nicole.;
				PRODUCT_NAME = "$(TARGET_NAME)";
			};
			name = Release;
		};
/* End XCBuildConfiguration section */

/* Begin XCConfigurationList section */
		AE81279F1BB53BCD008355BA /* Build configuration list for PBXProject "6labusa" */ = {
			isa = XCConfigurationList;
			buildConfigurations = (
				AE8127B91BB53BCD008355BA /* Debug */,
				AE8127BA1BB53BCD008355BA /* Release */,
			);
			defaultConfigurationIsVisible = 0;
			defaultConfigurationName = Release;
		};
		AE8127BB1BB53BCD008355BA /* Build configuration list for PBXNativeTarget "6labusa" */ = {
			isa = XCConfigurationList;
			buildConfigurations = (
				AE8127BC1BB53BCD008355BA /* Debug */,
				AE8127BD1BB53BCD008355BA /* Release */,
			);
			defaultConfigurationIsVisible = 0;
		};
/* End XCConfigurationList section */
	};
	rootObject = AE81279C1BB53BCD008355BA /* Project object */;
}
